// !$*UTF8*$!
{
	archiveVersion = 1;
	classes = {
	};
	objectVersion = 70;
	objects = {

/* Begin PBXBuildFile section */
		960A00AB2DB8F99D00028B21 /* LDKNode in Frameworks */ = {isa = PBXBuildFile; productRef = 960A00AA2DB8F99D00028B21 /* LDKNode */; };
		960A00AD2DB8F9AE00028B21 /* LDKNode in Frameworks */ = {isa = PBXBuildFile; productRef = 960A00AC2DB8F9AE00028B21 /* LDKNode */; };
		961058E32C355B5500E1F1D8 /* BitkitNotification.appex in Embed Foundation Extensions */ = {isa = PBXBuildFile; fileRef = 961058DC2C355B5500E1F1D8 /* BitkitNotification.appex */; settings = {ATTRIBUTES = (RemoveHeadersOnCopy, ); }; };
		9613018C2C5022D700878183 /* SQLite in Frameworks */ = {isa = PBXBuildFile; productRef = 9613018B2C5022D700878183 /* SQLite */; };
		96555F562D4CB05F00A1EECB /* BitkitCore.xcframework in Frameworks */ = {isa = PBXBuildFile; fileRef = 96CCDC412CEC637700388EAD /* BitkitCore.xcframework */; };
		96555F572D4CB05F00A1EECB /* bitkitcore.swift in Sources */ = {isa = PBXBuildFile; fileRef = 96CCDC3E2CEC637000388EAD /* bitkitcore.swift */; };
		96555F582D4CB05F00A1EECB /* BitkitCore.xcframework in Frameworks */ = {isa = PBXBuildFile; fileRef = 96CCDC412CEC637700388EAD /* BitkitCore.xcframework */; };
		96555F592D4CB05F00A1EECB /* bitkitcore.swift in Sources */ = {isa = PBXBuildFile; fileRef = 96CCDC3E2CEC637000388EAD /* bitkitcore.swift */; };
		966DE6702C51210000A7B0EF /* LightningDevKit in Frameworks */ = {isa = PBXBuildFile; productRef = 966DE66F2C51210000A7B0EF /* LightningDevKit */; };
		96CCDC3F2CEC637000388EAD /* bitkitcore.swift in Sources */ = {isa = PBXBuildFile; fileRef = 96CCDC3E2CEC637000388EAD /* bitkitcore.swift */; };
		96CCDC432CEC637700388EAD /* BitkitCore.xcframework in Frameworks */ = {isa = PBXBuildFile; fileRef = 96CCDC412CEC637700388EAD /* BitkitCore.xcframework */; };
		96E20CD42CB6D91A00C24149 /* CodeScanner in Frameworks */ = {isa = PBXBuildFile; productRef = 96E20CD32CB6D91A00C24149 /* CodeScanner */; };
		96E493A42C942FD1000E8BC2 /* secp256k1 in Frameworks */ = {isa = PBXBuildFile; productRef = 96E493A32C942FD1000E8BC2 /* secp256k1 */; };
		96E493A62C94317D000E8BC2 /* secp256k1 in Frameworks */ = {isa = PBXBuildFile; productRef = 96E493A52C94317D000E8BC2 /* secp256k1 */; };
		96E493A82C943184000E8BC2 /* secp256k1 in Frameworks */ = {isa = PBXBuildFile; productRef = 96E493A72C943184000E8BC2 /* secp256k1 */; };
/* End PBXBuildFile section */

/* Begin PBXContainerItemProxy section */
		961058E12C355B5500E1F1D8 /* PBXContainerItemProxy */ = {
			isa = PBXContainerItemProxy;
			containerPortal = 96FE1F592C2DE6AA006D0C8B /* Project object */;
			proxyType = 1;
			remoteGlobalIDString = 961058DB2C355B5500E1F1D8;
			remoteInfo = BitkitNotification;
		};
		96FE1F732C2DE6AC006D0C8B /* PBXContainerItemProxy */ = {
			isa = PBXContainerItemProxy;
			containerPortal = 96FE1F592C2DE6AA006D0C8B /* Project object */;
			proxyType = 1;
			remoteGlobalIDString = 96FE1F602C2DE6AA006D0C8B;
			remoteInfo = Bitkit;
		};
		96FE1F7D2C2DE6AC006D0C8B /* PBXContainerItemProxy */ = {
			isa = PBXContainerItemProxy;
			containerPortal = 96FE1F592C2DE6AA006D0C8B /* Project object */;
			proxyType = 1;
			remoteGlobalIDString = 96FE1F602C2DE6AA006D0C8B;
			remoteInfo = Bitkit;
		};
/* End PBXContainerItemProxy section */

/* Begin PBXCopyFilesBuildPhase section */
		961058E72C355B5500E1F1D8 /* Embed Foundation Extensions */ = {
			isa = PBXCopyFilesBuildPhase;
			buildActionMask = 2147483647;
			dstPath = "";
			dstSubfolderSpec = 13;
			files = (
				961058E32C355B5500E1F1D8 /* BitkitNotification.appex in Embed Foundation Extensions */,
			);
			name = "Embed Foundation Extensions";
			runOnlyForDeploymentPostprocessing = 0;
		};
/* End PBXCopyFilesBuildPhase section */

/* Begin PBXFileReference section */
		961058DC2C355B5500E1F1D8 /* BitkitNotification.appex */ = {isa = PBXFileReference; explicitFileType = "wrapper.app-extension"; includeInIndex = 0; path = BitkitNotification.appex; sourceTree = BUILT_PRODUCTS_DIR; };
		96CCDC3E2CEC637000388EAD /* bitkitcore.swift */ = {isa = PBXFileReference; lastKnownFileType = sourcecode.swift; path = bitkitcore.swift; sourceTree = "<group>"; };
		96CCDC412CEC637700388EAD /* BitkitCore.xcframework */ = {isa = PBXFileReference; lastKnownFileType = wrapper.xcframework; path = BitkitCore.xcframework; sourceTree = "<group>"; };
		96FE1F612C2DE6AA006D0C8B /* Bitkit.app */ = {isa = PBXFileReference; explicitFileType = wrapper.application; includeInIndex = 0; path = Bitkit.app; sourceTree = BUILT_PRODUCTS_DIR; };
		96FE1F722C2DE6AC006D0C8B /* BitkitTests.xctest */ = {isa = PBXFileReference; explicitFileType = wrapper.cfbundle; includeInIndex = 0; path = BitkitTests.xctest; sourceTree = BUILT_PRODUCTS_DIR; };
		96FE1F7C2C2DE6AC006D0C8B /* BitkitUITests.xctest */ = {isa = PBXFileReference; explicitFileType = wrapper.cfbundle; includeInIndex = 0; path = BitkitUITests.xctest; sourceTree = BUILT_PRODUCTS_DIR; };
/* End PBXFileReference section */

/* Begin PBXFileSystemSynchronizedBuildFileExceptionSet section */
		96A44F3D2CEF5EA700FBACFF /* PBXFileSystemSynchronizedBuildFileExceptionSet */ = {
			isa = PBXFileSystemSynchronizedBuildFileExceptionSet;
			membershipExceptions = (
				Info.plist,
			);
			target = 96FE1F602C2DE6AA006D0C8B /* Bitkit */;
		};
		96A44F3E2CEF5EA700FBACFF /* PBXFileSystemSynchronizedBuildFileExceptionSet */ = {
			isa = PBXFileSystemSynchronizedBuildFileExceptionSet;
			membershipExceptions = (
				Constants/Env.swift,
				Extensions/HexBytes.swift,
				Extensions/PaymentDetails.swift,
				Models/Blocktank/BlocktankNotificationType.swift,
				Models/LnPeer.swift,
				Models/Toast.swift,
				Services/CoreService.swift,
				Services/LightningService.swift,
				Services/MigrationsService.swift,
				Services/ServiceQueue.swift,
				Utilities/Crypto.swift,
				Utilities/Errors.swift,
				Utilities/Keychain.swift,
				Utilities/Logger.swift,
				Utilities/StateLocker.swift,
			);
			target = 96FE1F712C2DE6AC006D0C8B /* BitkitTests */;
		};
		96A44F3F2CEF5EA700FBACFF /* PBXFileSystemSynchronizedBuildFileExceptionSet */ = {
			isa = PBXFileSystemSynchronizedBuildFileExceptionSet;
			membershipExceptions = (
				Constants/Env.swift,
				Extensions/HexBytes.swift,
				Extensions/PaymentDetails.swift,
				Models/Blocktank/BlocktankNotificationType.swift,
				Models/LnPeer.swift,
				Models/NewTransactionSheetDetails.swift,
				Models/Toast.swift,
				Services/CoreService.swift,
				Services/LightningService.swift,
				Services/ServiceQueue.swift,
				Utilities/Crypto.swift,
				Utilities/Errors.swift,
				Utilities/Keychain.swift,
				Utilities/Logger.swift,
				Utilities/StateLocker.swift,
			);
			target = 961058DB2C355B5500E1F1D8 /* BitkitNotification */;
		};
		96A44F5E2CEF5F5800FBACFF /* PBXFileSystemSynchronizedBuildFileExceptionSet */ = {
			isa = PBXFileSystemSynchronizedBuildFileExceptionSet;
			membershipExceptions = (
				NotificationService.swift,
			);
			target = 961058DB2C355B5500E1F1D8 /* BitkitNotification */;
		};
/* End PBXFileSystemSynchronizedBuildFileExceptionSet section */

/* Begin PBXFileSystemSynchronizedRootGroup section */
		96A44E912CEF5EA700FBACFF /* Bitkit */ = {isa = PBXFileSystemSynchronizedRootGroup; exceptions = (96A44F3D2CEF5EA700FBACFF /* PBXFileSystemSynchronizedBuildFileExceptionSet */, 96A44F3E2CEF5EA700FBACFF /* PBXFileSystemSynchronizedBuildFileExceptionSet */, 96A44F3F2CEF5EA700FBACFF /* PBXFileSystemSynchronizedBuildFileExceptionSet */, ); explicitFileTypes = {}; explicitFolders = (); path = Bitkit; sourceTree = "<group>"; };
		96A44F4A2CEF5F4B00FBACFF /* BitkitTests */ = {isa = PBXFileSystemSynchronizedRootGroup; explicitFileTypes = {}; explicitFolders = (); path = BitkitTests; sourceTree = "<group>"; };
		96A44F562CEF5F5400FBACFF /* BitkitUITests */ = {isa = PBXFileSystemSynchronizedRootGroup; explicitFileTypes = {}; explicitFolders = (); path = BitkitUITests; sourceTree = "<group>"; };
		96A44F5C2CEF5F5800FBACFF /* BitkitNotification */ = {isa = PBXFileSystemSynchronizedRootGroup; exceptions = (96A44F5E2CEF5F5800FBACFF /* PBXFileSystemSynchronizedBuildFileExceptionSet */, ); explicitFileTypes = {}; explicitFolders = (); path = BitkitNotification; sourceTree = "<group>"; };
/* End PBXFileSystemSynchronizedRootGroup section */

/* Begin PBXFrameworksBuildPhase section */
		961058D92C355B5500E1F1D8 /* Frameworks */ = {
			isa = PBXFrameworksBuildPhase;
			buildActionMask = 2147483647;
			files = (
				960A00AD2DB8F9AE00028B21 /* LDKNode in Frameworks */,
				96E493A82C943184000E8BC2 /* secp256k1 in Frameworks */,
				96555F582D4CB05F00A1EECB /* BitkitCore.xcframework in Frameworks */,
			);
			runOnlyForDeploymentPostprocessing = 0;
		};
		96FE1F5E2C2DE6AA006D0C8B /* Frameworks */ = {
			isa = PBXFrameworksBuildPhase;
			buildActionMask = 2147483647;
			files = (
				960A00AB2DB8F99D00028B21 /* LDKNode in Frameworks */,
				96E493A42C942FD1000E8BC2 /* secp256k1 in Frameworks */,
				96CCDC432CEC637700388EAD /* BitkitCore.xcframework in Frameworks */,
				9613018C2C5022D700878183 /* SQLite in Frameworks */,
				966DE6702C51210000A7B0EF /* LightningDevKit in Frameworks */,
				96E20CD42CB6D91A00C24149 /* CodeScanner in Frameworks */,
			);
			runOnlyForDeploymentPostprocessing = 0;
		};
		96FE1F6F2C2DE6AC006D0C8B /* Frameworks */ = {
			isa = PBXFrameworksBuildPhase;
			buildActionMask = 2147483647;
			files = (
				96E493A62C94317D000E8BC2 /* secp256k1 in Frameworks */,
				96555F562D4CB05F00A1EECB /* BitkitCore.xcframework in Frameworks */,
			);
			runOnlyForDeploymentPostprocessing = 0;
		};
		96FE1F792C2DE6AC006D0C8B /* Frameworks */ = {
			isa = PBXFrameworksBuildPhase;
			buildActionMask = 2147483647;
			files = (
			);
			runOnlyForDeploymentPostprocessing = 0;
		};
/* End PBXFrameworksBuildPhase section */

/* Begin PBXGroup section */
		961058EC2C35798C00E1F1D8 /* Frameworks */ = {
			isa = PBXGroup;
			children = (
				96CCDC412CEC637700388EAD /* BitkitCore.xcframework */,
				96CCDC3E2CEC637000388EAD /* bitkitcore.swift */,
			);
			name = Frameworks;
			sourceTree = "<group>";
		};
		96FE1F582C2DE6AA006D0C8B = {
			isa = PBXGroup;
			children = (
				96A44E912CEF5EA700FBACFF /* Bitkit */,
				96A44F4A2CEF5F4B00FBACFF /* BitkitTests */,
				96A44F562CEF5F5400FBACFF /* BitkitUITests */,
				96A44F5C2CEF5F5800FBACFF /* BitkitNotification */,
				96FE1F622C2DE6AA006D0C8B /* Products */,
				961058EC2C35798C00E1F1D8 /* Frameworks */,
			);
			sourceTree = "<group>";
		};
		96FE1F622C2DE6AA006D0C8B /* Products */ = {
			isa = PBXGroup;
			children = (
				96FE1F612C2DE6AA006D0C8B /* Bitkit.app */,
				96FE1F722C2DE6AC006D0C8B /* BitkitTests.xctest */,
				96FE1F7C2C2DE6AC006D0C8B /* BitkitUITests.xctest */,
				961058DC2C355B5500E1F1D8 /* BitkitNotification.appex */,
			);
			name = Products;
			sourceTree = "<group>";
		};
/* End PBXGroup section */

/* Begin PBXNativeTarget section */
		961058DB2C355B5500E1F1D8 /* BitkitNotification */ = {
			isa = PBXNativeTarget;
			buildConfigurationList = 961058E42C355B5500E1F1D8 /* Build configuration list for PBXNativeTarget "BitkitNotification" */;
			buildPhases = (
				961058D82C355B5500E1F1D8 /* Sources */,
				961058D92C355B5500E1F1D8 /* Frameworks */,
				961058DA2C355B5500E1F1D8 /* Resources */,
			);
			buildRules = (
			);
			dependencies = (
			);
			name = BitkitNotification;
			packageProductDependencies = (
				96E493A72C943184000E8BC2 /* secp256k1 */,
				960A00AC2DB8F9AE00028B21 /* LDKNode */,
			);
			productName = BitkitNotification;
			productReference = 961058DC2C355B5500E1F1D8 /* BitkitNotification.appex */;
			productType = "com.apple.product-type.app-extension";
		};
		96FE1F602C2DE6AA006D0C8B /* Bitkit */ = {
			isa = PBXNativeTarget;
			buildConfigurationList = 96FE1F862C2DE6AC006D0C8B /* Build configuration list for PBXNativeTarget "Bitkit" */;
			buildPhases = (
				96FE1F5D2C2DE6AA006D0C8B /* Sources */,
				96FE1F5E2C2DE6AA006D0C8B /* Frameworks */,
				96FE1F5F2C2DE6AA006D0C8B /* Resources */,
				961058E72C355B5500E1F1D8 /* Embed Foundation Extensions */,
			);
			buildRules = (
			);
			dependencies = (
				961058E22C355B5500E1F1D8 /* PBXTargetDependency */,
			);
			fileSystemSynchronizedGroups = (
				96A44E912CEF5EA700FBACFF /* Bitkit */,
			);
			name = Bitkit;
			packageProductDependencies = (
				9613018B2C5022D700878183 /* SQLite */,
				966DE66F2C51210000A7B0EF /* LightningDevKit */,
				96E493A32C942FD1000E8BC2 /* secp256k1 */,
				96E20CD32CB6D91A00C24149 /* CodeScanner */,
				960A00AA2DB8F99D00028B21 /* LDKNode */,
			);
			productName = Bitkit;
			productReference = 96FE1F612C2DE6AA006D0C8B /* Bitkit.app */;
			productType = "com.apple.product-type.application";
		};
		96FE1F712C2DE6AC006D0C8B /* BitkitTests */ = {
			isa = PBXNativeTarget;
			buildConfigurationList = 96FE1F892C2DE6AC006D0C8B /* Build configuration list for PBXNativeTarget "BitkitTests" */;
			buildPhases = (
				96FE1F6E2C2DE6AC006D0C8B /* Sources */,
				96FE1F6F2C2DE6AC006D0C8B /* Frameworks */,
				96FE1F702C2DE6AC006D0C8B /* Resources */,
			);
			buildRules = (
			);
			dependencies = (
				96FE1F742C2DE6AC006D0C8B /* PBXTargetDependency */,
			);
			fileSystemSynchronizedGroups = (
				96A44F4A2CEF5F4B00FBACFF /* BitkitTests */,
			);
			name = BitkitTests;
			packageProductDependencies = (
				96E493A52C94317D000E8BC2 /* secp256k1 */,
			);
			productName = BitkitTests;
			productReference = 96FE1F722C2DE6AC006D0C8B /* BitkitTests.xctest */;
			productType = "com.apple.product-type.bundle.unit-test";
		};
		96FE1F7B2C2DE6AC006D0C8B /* BitkitUITests */ = {
			isa = PBXNativeTarget;
			buildConfigurationList = 96FE1F8C2C2DE6AC006D0C8B /* Build configuration list for PBXNativeTarget "BitkitUITests" */;
			buildPhases = (
				96FE1F782C2DE6AC006D0C8B /* Sources */,
				96FE1F792C2DE6AC006D0C8B /* Frameworks */,
				96FE1F7A2C2DE6AC006D0C8B /* Resources */,
			);
			buildRules = (
			);
			dependencies = (
				96FE1F7E2C2DE6AC006D0C8B /* PBXTargetDependency */,
			);
			fileSystemSynchronizedGroups = (
				96A44F562CEF5F5400FBACFF /* BitkitUITests */,
			);
			name = BitkitUITests;
			productName = BitkitUITests;
			productReference = 96FE1F7C2C2DE6AC006D0C8B /* BitkitUITests.xctest */;
			productType = "com.apple.product-type.bundle.ui-testing";
		};
/* End PBXNativeTarget section */

/* Begin PBXProject section */
		96FE1F592C2DE6AA006D0C8B /* Project object */ = {
			isa = PBXProject;
			attributes = {
				BuildIndependentTargetsInParallel = 1;
				LastSwiftUpdateCheck = 1540;
				LastUpgradeCheck = 1540;
				TargetAttributes = {
					961058DB2C355B5500E1F1D8 = {
						CreatedOnToolsVersion = 15.4;
					};
					96FE1F602C2DE6AA006D0C8B = {
						CreatedOnToolsVersion = 15.4;
					};
					96FE1F712C2DE6AC006D0C8B = {
						CreatedOnToolsVersion = 15.4;
						TestTargetID = 96FE1F602C2DE6AA006D0C8B;
					};
					96FE1F7B2C2DE6AC006D0C8B = {
						CreatedOnToolsVersion = 15.4;
						TestTargetID = 96FE1F602C2DE6AA006D0C8B;
					};
				};
			};
			buildConfigurationList = 96FE1F5C2C2DE6AA006D0C8B /* Build configuration list for PBXProject "Bitkit" */;
			compatibilityVersion = "Xcode 14.0";
			developmentRegion = en;
			hasScannedForEncodings = 0;
			knownRegions = (
				en,
				Base,
				de,
				ar,
				el,
				es,
				"es-419",
				it,
				cs,
				pl,
				"pt-BR",
				ru,
				fr,
				nl,
				pt,
				ca,
			);
			mainGroup = 96FE1F582C2DE6AA006D0C8B;
			packageReferences = (
				961301892C50215500878183 /* XCRemoteSwiftPackageReference "SQLite.swift" */,
				966DE66E2C51210000A7B0EF /* XCRemoteSwiftPackageReference "ldk-swift" */,
				96E493A22C942FD1000E8BC2 /* XCRemoteSwiftPackageReference "swift-secp256k1" */,
				96E20CD22CB6D91A00C24149 /* XCRemoteSwiftPackageReference "CodeScanner" */,
				960A00A92DB8F99D00028B21 /* XCRemoteSwiftPackageReference "ldk-node" */,
			);
			productRefGroup = 96FE1F622C2DE6AA006D0C8B /* Products */;
			projectDirPath = "";
			projectRoot = "";
			targets = (
				96FE1F602C2DE6AA006D0C8B /* Bitkit */,
				96FE1F712C2DE6AC006D0C8B /* BitkitTests */,
				96FE1F7B2C2DE6AC006D0C8B /* BitkitUITests */,
				961058DB2C355B5500E1F1D8 /* BitkitNotification */,
			);
		};
/* End PBXProject section */

/* Begin PBXResourcesBuildPhase section */
		961058DA2C355B5500E1F1D8 /* Resources */ = {
			isa = PBXResourcesBuildPhase;
			buildActionMask = 2147483647;
			files = (
			);
			runOnlyForDeploymentPostprocessing = 0;
		};
		96FE1F5F2C2DE6AA006D0C8B /* Resources */ = {
			isa = PBXResourcesBuildPhase;
			buildActionMask = 2147483647;
			files = (
			);
			runOnlyForDeploymentPostprocessing = 0;
		};
		96FE1F702C2DE6AC006D0C8B /* Resources */ = {
			isa = PBXResourcesBuildPhase;
			buildActionMask = 2147483647;
			files = (
			);
			runOnlyForDeploymentPostprocessing = 0;
		};
		96FE1F7A2C2DE6AC006D0C8B /* Resources */ = {
			isa = PBXResourcesBuildPhase;
			buildActionMask = 2147483647;
			files = (
			);
			runOnlyForDeploymentPostprocessing = 0;
		};
/* End PBXResourcesBuildPhase section */

/* Begin PBXSourcesBuildPhase section */
		961058D82C355B5500E1F1D8 /* Sources */ = {
			isa = PBXSourcesBuildPhase;
			buildActionMask = 2147483647;
			files = (
				96555F592D4CB05F00A1EECB /* bitkitcore.swift in Sources */,
			);
			runOnlyForDeploymentPostprocessing = 0;
		};
		96FE1F5D2C2DE6AA006D0C8B /* Sources */ = {
			isa = PBXSourcesBuildPhase;
			buildActionMask = 2147483647;
			files = (
				96CCDC3F2CEC637000388EAD /* bitkitcore.swift in Sources */,
			);
			runOnlyForDeploymentPostprocessing = 0;
		};
		96FE1F6E2C2DE6AC006D0C8B /* Sources */ = {
			isa = PBXSourcesBuildPhase;
			buildActionMask = 2147483647;
			files = (
				96555F572D4CB05F00A1EECB /* bitkitcore.swift in Sources */,
			);
			runOnlyForDeploymentPostprocessing = 0;
		};
		96FE1F782C2DE6AC006D0C8B /* Sources */ = {
			isa = PBXSourcesBuildPhase;
			buildActionMask = 2147483647;
			files = (
			);
			runOnlyForDeploymentPostprocessing = 0;
		};
/* End PBXSourcesBuildPhase section */

/* Begin PBXTargetDependency section */
		961058E22C355B5500E1F1D8 /* PBXTargetDependency */ = {
			isa = PBXTargetDependency;
			target = 961058DB2C355B5500E1F1D8 /* BitkitNotification */;
			targetProxy = 961058E12C355B5500E1F1D8 /* PBXContainerItemProxy */;
		};
		96FE1F742C2DE6AC006D0C8B /* PBXTargetDependency */ = {
			isa = PBXTargetDependency;
			target = 96FE1F602C2DE6AA006D0C8B /* Bitkit */;
			targetProxy = 96FE1F732C2DE6AC006D0C8B /* PBXContainerItemProxy */;
		};
		96FE1F7E2C2DE6AC006D0C8B /* PBXTargetDependency */ = {
			isa = PBXTargetDependency;
			target = 96FE1F602C2DE6AA006D0C8B /* Bitkit */;
			targetProxy = 96FE1F7D2C2DE6AC006D0C8B /* PBXContainerItemProxy */;
		};
/* End PBXTargetDependency section */

/* Begin XCBuildConfiguration section */
		961058E52C355B5500E1F1D8 /* Debug */ = {
			isa = XCBuildConfiguration;
			buildSettings = {
				CODE_SIGN_ENTITLEMENTS = BitkitNotification/BitkitNotification.entitlements;
				CODE_SIGN_STYLE = Automatic;
				CURRENT_PROJECT_VERSION = 1;
				DEVELOPMENT_TEAM = KYH47R284B;
				GENERATE_INFOPLIST_FILE = YES;
				INFOPLIST_FILE = BitkitNotification/Info.plist;
				INFOPLIST_KEY_CFBundleDisplayName = BitkitNotification;
				INFOPLIST_KEY_NSHumanReadableCopyright = "";
				IPHONEOS_DEPLOYMENT_TARGET = 17.5;
				LD_RUNPATH_SEARCH_PATHS = (
					"$(inherited)",
					"@executable_path/Frameworks",
					"@executable_path/../../Frameworks",
				);
				MARKETING_VERSION = 1.0;
				PRODUCT_BUNDLE_IDENTIFIER = "to.bitkit-regtest.notification";
				PRODUCT_NAME = "$(TARGET_NAME)";
				SDKROOT = iphoneos;
				SKIP_INSTALL = YES;
				SWIFT_EMIT_LOC_STRINGS = YES;
				SWIFT_VERSION = 5.0;
				TARGETED_DEVICE_FAMILY = "1,2";
			};
			name = Debug;
		};
		961058E62C355B5500E1F1D8 /* Release */ = {
			isa = XCBuildConfiguration;
			buildSettings = {
				CODE_SIGN_ENTITLEMENTS = BitkitNotification/BitkitNotification.entitlements;
				CODE_SIGN_STYLE = Automatic;
				CURRENT_PROJECT_VERSION = 1;
				DEVELOPMENT_TEAM = KYH47R284B;
				GENERATE_INFOPLIST_FILE = YES;
				INFOPLIST_FILE = BitkitNotification/Info.plist;
				INFOPLIST_KEY_CFBundleDisplayName = BitkitNotification;
				INFOPLIST_KEY_NSHumanReadableCopyright = "";
				IPHONEOS_DEPLOYMENT_TARGET = 17.5;
				LD_RUNPATH_SEARCH_PATHS = (
					"$(inherited)",
					"@executable_path/Frameworks",
					"@executable_path/../../Frameworks",
				);
				MARKETING_VERSION = 1.0;
				PRODUCT_BUNDLE_IDENTIFIER = "to.bitkit-regtest.notification";
				PRODUCT_NAME = "$(TARGET_NAME)";
				SDKROOT = iphoneos;
				SKIP_INSTALL = YES;
				SWIFT_EMIT_LOC_STRINGS = YES;
				SWIFT_VERSION = 5.0;
				TARGETED_DEVICE_FAMILY = "1,2";
				VALIDATE_PRODUCT = YES;
			};
			name = Release;
		};
		96FE1F842C2DE6AC006D0C8B /* Debug */ = {
			isa = XCBuildConfiguration;
			buildSettings = {
				ALWAYS_SEARCH_USER_PATHS = NO;
				ASSETCATALOG_COMPILER_GENERATE_SWIFT_ASSET_SYMBOL_EXTENSIONS = YES;
				CLANG_ANALYZER_NONNULL = YES;
				CLANG_ANALYZER_NUMBER_OBJECT_CONVERSION = YES_AGGRESSIVE;
				CLANG_CXX_LANGUAGE_STANDARD = "gnu++20";
				CLANG_ENABLE_MODULES = YES;
				CLANG_ENABLE_OBJC_ARC = YES;
				CLANG_ENABLE_OBJC_WEAK = YES;
				CLANG_WARN_BLOCK_CAPTURE_AUTORELEASING = YES;
				CLANG_WARN_BOOL_CONVERSION = YES;
				CLANG_WARN_COMMA = YES;
				CLANG_WARN_CONSTANT_CONVERSION = YES;
				CLANG_WARN_DEPRECATED_OBJC_IMPLEMENTATIONS = YES;
				CLANG_WARN_DIRECT_OBJC_ISA_USAGE = YES_ERROR;
				CLANG_WARN_DOCUMENTATION_COMMENTS = YES;
				CLANG_WARN_EMPTY_BODY = YES;
				CLANG_WARN_ENUM_CONVERSION = YES;
				CLANG_WARN_INFINITE_RECURSION = YES;
				CLANG_WARN_INT_CONVERSION = YES;
				CLANG_WARN_NON_LITERAL_NULL_CONVERSION = YES;
				CLANG_WARN_OBJC_IMPLICIT_RETAIN_SELF = YES;
				CLANG_WARN_OBJC_LITERAL_CONVERSION = YES;
				CLANG_WARN_OBJC_ROOT_CLASS = YES_ERROR;
				CLANG_WARN_QUOTED_INCLUDE_IN_FRAMEWORK_HEADER = YES;
				CLANG_WARN_RANGE_LOOP_ANALYSIS = YES;
				CLANG_WARN_STRICT_PROTOTYPES = YES;
				CLANG_WARN_SUSPICIOUS_MOVE = YES;
				CLANG_WARN_UNGUARDED_AVAILABILITY = YES_AGGRESSIVE;
				CLANG_WARN_UNREACHABLE_CODE = YES;
				CLANG_WARN__DUPLICATE_METHOD_MATCH = YES;
				COPY_PHASE_STRIP = NO;
				DEBUG_INFORMATION_FORMAT = dwarf;
				ENABLE_STRICT_OBJC_MSGSEND = YES;
				ENABLE_TESTABILITY = YES;
				ENABLE_USER_SCRIPT_SANDBOXING = YES;
				GCC_C_LANGUAGE_STANDARD = gnu17;
				GCC_DYNAMIC_NO_PIC = NO;
				GCC_NO_COMMON_BLOCKS = YES;
				GCC_OPTIMIZATION_LEVEL = 0;
				GCC_PREPROCESSOR_DEFINITIONS = (
					"DEBUG=1",
					"$(inherited)",
				);
				GCC_WARN_64_TO_32_BIT_CONVERSION = YES;
				GCC_WARN_ABOUT_RETURN_TYPE = YES_ERROR;
				GCC_WARN_UNDECLARED_SELECTOR = YES;
				GCC_WARN_UNINITIALIZED_AUTOS = YES_AGGRESSIVE;
				GCC_WARN_UNUSED_FUNCTION = YES;
				GCC_WARN_UNUSED_VARIABLE = YES;
				LOCALIZATION_PREFERS_STRING_CATALOGS = YES;
				MTL_ENABLE_DEBUG_INFO = INCLUDE_SOURCE;
				MTL_FAST_MATH = YES;
				ONLY_ACTIVE_ARCH = YES;
				SWIFT_ACTIVE_COMPILATION_CONDITIONS = "DEBUG $(inherited)";
				SWIFT_OPTIMIZATION_LEVEL = "-Onone";
			};
			name = Debug;
		};
		96FE1F852C2DE6AC006D0C8B /* Release */ = {
			isa = XCBuildConfiguration;
			buildSettings = {
				ALWAYS_SEARCH_USER_PATHS = NO;
				ASSETCATALOG_COMPILER_GENERATE_SWIFT_ASSET_SYMBOL_EXTENSIONS = YES;
				CLANG_ANALYZER_NONNULL = YES;
				CLANG_ANALYZER_NUMBER_OBJECT_CONVERSION = YES_AGGRESSIVE;
				CLANG_CXX_LANGUAGE_STANDARD = "gnu++20";
				CLANG_ENABLE_MODULES = YES;
				CLANG_ENABLE_OBJC_ARC = YES;
				CLANG_ENABLE_OBJC_WEAK = YES;
				CLANG_WARN_BLOCK_CAPTURE_AUTORELEASING = YES;
				CLANG_WARN_BOOL_CONVERSION = YES;
				CLANG_WARN_COMMA = YES;
				CLANG_WARN_CONSTANT_CONVERSION = YES;
				CLANG_WARN_DEPRECATED_OBJC_IMPLEMENTATIONS = YES;
				CLANG_WARN_DIRECT_OBJC_ISA_USAGE = YES_ERROR;
				CLANG_WARN_DOCUMENTATION_COMMENTS = YES;
				CLANG_WARN_EMPTY_BODY = YES;
				CLANG_WARN_ENUM_CONVERSION = YES;
				CLANG_WARN_INFINITE_RECURSION = YES;
				CLANG_WARN_INT_CONVERSION = YES;
				CLANG_WARN_NON_LITERAL_NULL_CONVERSION = YES;
				CLANG_WARN_OBJC_IMPLICIT_RETAIN_SELF = YES;
				CLANG_WARN_OBJC_LITERAL_CONVERSION = YES;
				CLANG_WARN_OBJC_ROOT_CLASS = YES_ERROR;
				CLANG_WARN_QUOTED_INCLUDE_IN_FRAMEWORK_HEADER = YES;
				CLANG_WARN_RANGE_LOOP_ANALYSIS = YES;
				CLANG_WARN_STRICT_PROTOTYPES = YES;
				CLANG_WARN_SUSPICIOUS_MOVE = YES;
				CLANG_WARN_UNGUARDED_AVAILABILITY = YES_AGGRESSIVE;
				CLANG_WARN_UNREACHABLE_CODE = YES;
				CLANG_WARN__DUPLICATE_METHOD_MATCH = YES;
				COPY_PHASE_STRIP = NO;
				DEBUG_INFORMATION_FORMAT = "dwarf-with-dsym";
				ENABLE_NS_ASSERTIONS = NO;
				ENABLE_STRICT_OBJC_MSGSEND = YES;
				ENABLE_USER_SCRIPT_SANDBOXING = YES;
				GCC_C_LANGUAGE_STANDARD = gnu17;
				GCC_NO_COMMON_BLOCKS = YES;
				GCC_WARN_64_TO_32_BIT_CONVERSION = YES;
				GCC_WARN_ABOUT_RETURN_TYPE = YES_ERROR;
				GCC_WARN_UNDECLARED_SELECTOR = YES;
				GCC_WARN_UNINITIALIZED_AUTOS = YES_AGGRESSIVE;
				GCC_WARN_UNUSED_FUNCTION = YES;
				GCC_WARN_UNUSED_VARIABLE = YES;
				LOCALIZATION_PREFERS_STRING_CATALOGS = YES;
				MTL_ENABLE_DEBUG_INFO = NO;
				MTL_FAST_MATH = YES;
				SWIFT_COMPILATION_MODE = wholemodule;
			};
			name = Release;
		};
		96FE1F872C2DE6AC006D0C8B /* Debug */ = {
			isa = XCBuildConfiguration;
			buildSettings = {
				ASSETCATALOG_COMPILER_APPICON_NAME = AppIcon;
				ASSETCATALOG_COMPILER_GLOBAL_ACCENT_COLOR_NAME = AccentColor;
				CODE_SIGN_ENTITLEMENTS = Bitkit/Bitkit.entitlements;
				CODE_SIGN_STYLE = Automatic;
				CURRENT_PROJECT_VERSION = 1;
				DEVELOPMENT_ASSET_PATHS = "\"Bitkit/Preview Content\"";
				DEVELOPMENT_TEAM = KYH47R284B;
				ENABLE_HARDENED_RUNTIME = YES;
				ENABLE_PREVIEWS = YES;
				GENERATE_INFOPLIST_FILE = YES;
				INFOPLIST_FILE = Bitkit/Info.plist;
				INFOPLIST_KEY_CFBundleDisplayName = Bitkit;
				INFOPLIST_KEY_LSApplicationCategoryType = "public.app-category.utilities";
				INFOPLIST_KEY_NSCameraUsageDescription = "Bitkit needs access to the camera to scan QR codes";
				"INFOPLIST_KEY_UIApplicationSceneManifest_Generation[sdk=iphoneos*]" = YES;
				"INFOPLIST_KEY_UIApplicationSceneManifest_Generation[sdk=iphonesimulator*]" = YES;
				"INFOPLIST_KEY_UIApplicationSupportsIndirectInputEvents[sdk=iphoneos*]" = YES;
				"INFOPLIST_KEY_UIApplicationSupportsIndirectInputEvents[sdk=iphonesimulator*]" = YES;
				"INFOPLIST_KEY_UILaunchScreen_Generation[sdk=iphoneos*]" = YES;
				"INFOPLIST_KEY_UILaunchScreen_Generation[sdk=iphonesimulator*]" = YES;
				INFOPLIST_KEY_UILaunchStoryboardName = LaunchScreen;
				"INFOPLIST_KEY_UIStatusBarStyle[sdk=iphoneos*]" = UIStatusBarStyleDefault;
				"INFOPLIST_KEY_UIStatusBarStyle[sdk=iphonesimulator*]" = UIStatusBarStyleDefault;
				INFOPLIST_KEY_UISupportedInterfaceOrientations = UIInterfaceOrientationPortrait;
				INFOPLIST_KEY_UISupportedInterfaceOrientations_iPad = "UIInterfaceOrientationLandscapeLeft UIInterfaceOrientationLandscapeRight UIInterfaceOrientationPortrait UIInterfaceOrientationPortraitUpsideDown";
				IPHONEOS_DEPLOYMENT_TARGET = 16.6;
				LD_RUNPATH_SEARCH_PATHS = "@executable_path/Frameworks";
				"LD_RUNPATH_SEARCH_PATHS[sdk=macosx*]" = "@executable_path/../Frameworks";
				MACOSX_DEPLOYMENT_TARGET = 14.0;
				MARKETING_VERSION = 1.0;
				PRODUCT_BUNDLE_IDENTIFIER = "to.bitkit-regtest";
				PRODUCT_NAME = "$(TARGET_NAME)";
				SDKROOT = auto;
				SUPPORTED_PLATFORMS = "iphoneos iphonesimulator macosx";
				SWIFT_EMIT_LOC_STRINGS = YES;
				SWIFT_VERSION = 5.0;
				TARGETED_DEVICE_FAMILY = "1,2";
			};
			name = Debug;
		};
		96FE1F882C2DE6AC006D0C8B /* Release */ = {
			isa = XCBuildConfiguration;
			buildSettings = {
				ASSETCATALOG_COMPILER_APPICON_NAME = AppIcon;
				ASSETCATALOG_COMPILER_GLOBAL_ACCENT_COLOR_NAME = AccentColor;
				CODE_SIGN_ENTITLEMENTS = Bitkit/Bitkit.entitlements;
				CODE_SIGN_STYLE = Automatic;
				CURRENT_PROJECT_VERSION = 1;
				DEVELOPMENT_ASSET_PATHS = "\"Bitkit/Preview Content\"";
				DEVELOPMENT_TEAM = KYH47R284B;
				ENABLE_HARDENED_RUNTIME = YES;
				ENABLE_PREVIEWS = YES;
				GENERATE_INFOPLIST_FILE = YES;
				INFOPLIST_FILE = Bitkit/Info.plist;
				INFOPLIST_KEY_CFBundleDisplayName = Bitkit;
				INFOPLIST_KEY_LSApplicationCategoryType = "public.app-category.utilities";
				INFOPLIST_KEY_NSCameraUsageDescription = "Bitkit needs access to the camera to scan QR codes";
				"INFOPLIST_KEY_UIApplicationSceneManifest_Generation[sdk=iphoneos*]" = YES;
				"INFOPLIST_KEY_UIApplicationSceneManifest_Generation[sdk=iphonesimulator*]" = YES;
				"INFOPLIST_KEY_UIApplicationSupportsIndirectInputEvents[sdk=iphoneos*]" = YES;
				"INFOPLIST_KEY_UIApplicationSupportsIndirectInputEvents[sdk=iphonesimulator*]" = YES;
				"INFOPLIST_KEY_UILaunchScreen_Generation[sdk=iphoneos*]" = YES;
				"INFOPLIST_KEY_UILaunchScreen_Generation[sdk=iphonesimulator*]" = YES;
				INFOPLIST_KEY_UILaunchStoryboardName = LaunchScreen;
				"INFOPLIST_KEY_UIStatusBarStyle[sdk=iphoneos*]" = UIStatusBarStyleDefault;
				"INFOPLIST_KEY_UIStatusBarStyle[sdk=iphonesimulator*]" = UIStatusBarStyleDefault;
				INFOPLIST_KEY_UISupportedInterfaceOrientations = UIInterfaceOrientationPortrait;
				INFOPLIST_KEY_UISupportedInterfaceOrientations_iPad = "UIInterfaceOrientationLandscapeLeft UIInterfaceOrientationLandscapeRight UIInterfaceOrientationPortrait UIInterfaceOrientationPortraitUpsideDown";
				IPHONEOS_DEPLOYMENT_TARGET = 16.6;
				LD_RUNPATH_SEARCH_PATHS = "@executable_path/Frameworks";
				"LD_RUNPATH_SEARCH_PATHS[sdk=macosx*]" = "@executable_path/../Frameworks";
				MACOSX_DEPLOYMENT_TARGET = 14.0;
				MARKETING_VERSION = 1.0;
				PRODUCT_BUNDLE_IDENTIFIER = "to.bitkit-regtest";
				PRODUCT_NAME = "$(TARGET_NAME)";
				SDKROOT = auto;
				SUPPORTED_PLATFORMS = "iphoneos iphonesimulator macosx";
				SWIFT_EMIT_LOC_STRINGS = YES;
				SWIFT_VERSION = 5.0;
				TARGETED_DEVICE_FAMILY = "1,2";
			};
			name = Release;
		};
		96FE1F8A2C2DE6AC006D0C8B /* Debug */ = {
			isa = XCBuildConfiguration;
			buildSettings = {
				BUNDLE_LOADER = "$(TEST_HOST)";
				CODE_SIGN_STYLE = Automatic;
				CURRENT_PROJECT_VERSION = 1;
				DEVELOPMENT_TEAM = KYH47R284B;
				GENERATE_INFOPLIST_FILE = YES;
				IPHONEOS_DEPLOYMENT_TARGET = 17.5;
				MACOSX_DEPLOYMENT_TARGET = 14.4;
				MARKETING_VERSION = 1.0;
				PRODUCT_BUNDLE_IDENTIFIER = to.BitkitTests;
				PRODUCT_NAME = "$(TARGET_NAME)";
				SDKROOT = auto;
				SUPPORTED_PLATFORMS = "iphoneos iphonesimulator macosx";
				SWIFT_ACTIVE_COMPILATION_CONDITIONS = "DEBUG $(inherited) UNIT_TESTING";
				SWIFT_EMIT_LOC_STRINGS = NO;
				SWIFT_VERSION = 5.0;
				TARGETED_DEVICE_FAMILY = "1,2";
				TEST_HOST = "$(BUILT_PRODUCTS_DIR)/Bitkit.app/$(BUNDLE_EXECUTABLE_FOLDER_PATH)/Bitkit";
			};
			name = Debug;
		};
		96FE1F8B2C2DE6AC006D0C8B /* Release */ = {
			isa = XCBuildConfiguration;
			buildSettings = {
				BUNDLE_LOADER = "$(TEST_HOST)";
				CODE_SIGN_STYLE = Automatic;
				CURRENT_PROJECT_VERSION = 1;
				DEVELOPMENT_TEAM = KYH47R284B;
				GENERATE_INFOPLIST_FILE = YES;
				IPHONEOS_DEPLOYMENT_TARGET = 17.5;
				MACOSX_DEPLOYMENT_TARGET = 14.4;
				MARKETING_VERSION = 1.0;
				PRODUCT_BUNDLE_IDENTIFIER = to.BitkitTests;
				PRODUCT_NAME = "$(TARGET_NAME)";
				SDKROOT = auto;
				SUPPORTED_PLATFORMS = "iphoneos iphonesimulator macosx";
				SWIFT_EMIT_LOC_STRINGS = NO;
				SWIFT_VERSION = 5.0;
				TARGETED_DEVICE_FAMILY = "1,2";
				TEST_HOST = "$(BUILT_PRODUCTS_DIR)/Bitkit.app/$(BUNDLE_EXECUTABLE_FOLDER_PATH)/Bitkit";
			};
			name = Release;
		};
		96FE1F8D2C2DE6AC006D0C8B /* Debug */ = {
			isa = XCBuildConfiguration;
			buildSettings = {
				CODE_SIGN_STYLE = Automatic;
				CURRENT_PROJECT_VERSION = 1;
				DEVELOPMENT_TEAM = KYH47R284B;
				GENERATE_INFOPLIST_FILE = YES;
				IPHONEOS_DEPLOYMENT_TARGET = 17.5;
				MACOSX_DEPLOYMENT_TARGET = 14.4;
				MARKETING_VERSION = 1.0;
				PRODUCT_BUNDLE_IDENTIFIER = to.BitkitUITests;
				PRODUCT_NAME = "$(TARGET_NAME)";
				SDKROOT = auto;
				SUPPORTED_PLATFORMS = "iphoneos iphonesimulator macosx";
				SWIFT_EMIT_LOC_STRINGS = NO;
				SWIFT_VERSION = 5.0;
				TARGETED_DEVICE_FAMILY = "1,2";
				TEST_TARGET_NAME = Bitkit;
			};
			name = Debug;
		};
		96FE1F8E2C2DE6AC006D0C8B /* Release */ = {
			isa = XCBuildConfiguration;
			buildSettings = {
				CODE_SIGN_STYLE = Automatic;
				CURRENT_PROJECT_VERSION = 1;
				DEVELOPMENT_TEAM = KYH47R284B;
				GENERATE_INFOPLIST_FILE = YES;
				IPHONEOS_DEPLOYMENT_TARGET = 17.5;
				MACOSX_DEPLOYMENT_TARGET = 14.4;
				MARKETING_VERSION = 1.0;
				PRODUCT_BUNDLE_IDENTIFIER = to.BitkitUITests;
				PRODUCT_NAME = "$(TARGET_NAME)";
				SDKROOT = auto;
				SUPPORTED_PLATFORMS = "iphoneos iphonesimulator macosx";
				SWIFT_EMIT_LOC_STRINGS = NO;
				SWIFT_VERSION = 5.0;
				TARGETED_DEVICE_FAMILY = "1,2";
				TEST_TARGET_NAME = Bitkit;
			};
			name = Release;
		};
/* End XCBuildConfiguration section */

/* Begin XCConfigurationList section */
		961058E42C355B5500E1F1D8 /* Build configuration list for PBXNativeTarget "BitkitNotification" */ = {
			isa = XCConfigurationList;
			buildConfigurations = (
				961058E52C355B5500E1F1D8 /* Debug */,
				961058E62C355B5500E1F1D8 /* Release */,
			);
			defaultConfigurationIsVisible = 0;
			defaultConfigurationName = Release;
		};
		96FE1F5C2C2DE6AA006D0C8B /* Build configuration list for PBXProject "Bitkit" */ = {
			isa = XCConfigurationList;
			buildConfigurations = (
				96FE1F842C2DE6AC006D0C8B /* Debug */,
				96FE1F852C2DE6AC006D0C8B /* Release */,
			);
			defaultConfigurationIsVisible = 0;
			defaultConfigurationName = Release;
		};
		96FE1F862C2DE6AC006D0C8B /* Build configuration list for PBXNativeTarget "Bitkit" */ = {
			isa = XCConfigurationList;
			buildConfigurations = (
				96FE1F872C2DE6AC006D0C8B /* Debug */,
				96FE1F882C2DE6AC006D0C8B /* Release */,
			);
			defaultConfigurationIsVisible = 0;
			defaultConfigurationName = Release;
		};
		96FE1F892C2DE6AC006D0C8B /* Build configuration list for PBXNativeTarget "BitkitTests" */ = {
			isa = XCConfigurationList;
			buildConfigurations = (
				96FE1F8A2C2DE6AC006D0C8B /* Debug */,
				96FE1F8B2C2DE6AC006D0C8B /* Release */,
			);
			defaultConfigurationIsVisible = 0;
			defaultConfigurationName = Release;
		};
		96FE1F8C2C2DE6AC006D0C8B /* Build configuration list for PBXNativeTarget "BitkitUITests" */ = {
			isa = XCConfigurationList;
			buildConfigurations = (
				96FE1F8D2C2DE6AC006D0C8B /* Debug */,
				96FE1F8E2C2DE6AC006D0C8B /* Release */,
			);
			defaultConfigurationIsVisible = 0;
			defaultConfigurationName = Release;
		};
/* End XCConfigurationList section */

/* Begin XCRemoteSwiftPackageReference section */
		960A00A92DB8F99D00028B21 /* XCRemoteSwiftPackageReference "ldk-node" */ = {
			isa = XCRemoteSwiftPackageReference;
			repositoryURL = "https://github.com/Jasonvdb/ldk-node";
			requirement = {
				branch = main;
				kind = branch;
			};
		};
		961301892C50215500878183 /* XCRemoteSwiftPackageReference "SQLite.swift" */ = {
			isa = XCRemoteSwiftPackageReference;
			repositoryURL = "https://github.com/stephencelis/SQLite.swift.git";
			requirement = {
				kind = upToNextMajorVersion;
				minimumVersion = 0.15.3;
			};
		};
		966DE66E2C51210000A7B0EF /* XCRemoteSwiftPackageReference "ldk-swift" */ = {
			isa = XCRemoteSwiftPackageReference;
			repositoryURL = "https://github.com/lightningdevkit/ldk-swift/";
			requirement = {
				kind = upToNextMajorVersion;
				minimumVersion = 0.0.123;
			};
		};
		96E20CD22CB6D91A00C24149 /* XCRemoteSwiftPackageReference "CodeScanner" */ = {
			isa = XCRemoteSwiftPackageReference;
			repositoryURL = "https://github.com/twostraws/CodeScanner";
			requirement = {
				kind = upToNextMajorVersion;
				minimumVersion = 2.5.1;
			};
		};
		96E493A22C942FD1000E8BC2 /* XCRemoteSwiftPackageReference "swift-secp256k1" */ = {
			isa = XCRemoteSwiftPackageReference;
			repositoryURL = "https://github.com/21-DOT-DEV/swift-secp256k1";
			requirement = {
				kind = upToNextMajorVersion;
				minimumVersion = 0.17.0;
			};
		};
/* End XCRemoteSwiftPackageReference section */

/* Begin XCSwiftPackageProductDependency section */
		960A00AA2DB8F99D00028B21 /* LDKNode */ = {
			isa = XCSwiftPackageProductDependency;
			package = 960A00A92DB8F99D00028B21 /* XCRemoteSwiftPackageReference "ldk-node" */;
			productName = LDKNode;
		};
		960A00AC2DB8F9AE00028B21 /* LDKNode */ = {
			isa = XCSwiftPackageProductDependency;
			package = 960A00A92DB8F99D00028B21 /* XCRemoteSwiftPackageReference "ldk-node" */;
			productName = LDKNode;
		};
		9613018B2C5022D700878183 /* SQLite */ = {
			isa = XCSwiftPackageProductDependency;
			package = 961301892C50215500878183 /* XCRemoteSwiftPackageReference "SQLite.swift" */;
			productName = SQLite;
		};
		966DE66F2C51210000A7B0EF /* LightningDevKit */ = {
			isa = XCSwiftPackageProductDependency;
			package = 966DE66E2C51210000A7B0EF /* XCRemoteSwiftPackageReference "ldk-swift" */;
			productName = LightningDevKit;
		};
		96E20CD32CB6D91A00C24149 /* CodeScanner */ = {
			isa = XCSwiftPackageProductDependency;
			package = 96E20CD22CB6D91A00C24149 /* XCRemoteSwiftPackageReference "CodeScanner" */;
			productName = CodeScanner;
		};
		96E493A32C942FD1000E8BC2 /* secp256k1 */ = {
			isa = XCSwiftPackageProductDependency;
			package = 96E493A22C942FD1000E8BC2 /* XCRemoteSwiftPackageReference "swift-secp256k1" */;
			productName = secp256k1;
		};
		96E493A52C94317D000E8BC2 /* secp256k1 */ = {
			isa = XCSwiftPackageProductDependency;
			package = 96E493A22C942FD1000E8BC2 /* XCRemoteSwiftPackageReference "swift-secp256k1" */;
			productName = secp256k1;
		};
		96E493A72C943184000E8BC2 /* secp256k1 */ = {
			isa = XCSwiftPackageProductDependency;
			package = 96E493A22C942FD1000E8BC2 /* XCRemoteSwiftPackageReference "swift-secp256k1" */;
			productName = secp256k1;
		};
/* End XCSwiftPackageProductDependency section */
	};
	rootObject = 96FE1F592C2DE6AA006D0C8B /* Project object */;
}
