// !$*UTF8*$!
{
	archiveVersion = 1;
	classes = {
	};
	objectVersion = 56;
	objects = {

/* Begin PBXBuildFile section */
		961058DF2C355B5500E1F1D8 /* NotificationService.swift in Sources */ = {isa = PBXBuildFile; fileRef = 961058DE2C355B5500E1F1D8 /* NotificationService.swift */; };
		961058E32C355B5500E1F1D8 /* BitkitNotification.appex in Embed Foundation Extensions */ = {isa = PBXBuildFile; fileRef = 961058DC2C355B5500E1F1D8 /* BitkitNotification.appex */; settings = {ATTRIBUTES = (RemoveHeadersOnCopy, ); }; };
		961058E82C35791700E1F1D8 /* LightningService.swift in Sources */ = {isa = PBXBuildFile; fileRef = 96B12A022C2EC65000DD07B0 /* LightningService.swift */; };
		961058E92C35792100E1F1D8 /* Env.swift in Sources */ = {isa = PBXBuildFile; fileRef = 9637E6D22C32CE79004A92FC /* Env.swift */; };
		961058EA2C35793000E1F1D8 /* LnPeer.swift in Sources */ = {isa = PBXBuildFile; fileRef = 9637E6DE2C32ED7B004A92FC /* LnPeer.swift */; };
		961058EB2C35793000E1F1D8 /* WalletNetwork.swift in Sources */ = {isa = PBXBuildFile; fileRef = 9637E6DC2C32EAA8004A92FC /* WalletNetwork.swift */; };
		961058EE2C35798C00E1F1D8 /* LDKNode in Frameworks */ = {isa = PBXBuildFile; productRef = 961058ED2C35798C00E1F1D8 /* LDKNode */; };
		961058F02C35799400E1F1D8 /* BitcoinDevKit in Frameworks */ = {isa = PBXBuildFile; productRef = 961058EF2C35799400E1F1D8 /* BitcoinDevKit */; };
		961301882C50202A00878183 /* MigrationsService.swift in Sources */ = {isa = PBXBuildFile; fileRef = 961301872C50202A00878183 /* MigrationsService.swift */; };
		9613018C2C5022D700878183 /* SQLite in Frameworks */ = {isa = PBXBuildFile; productRef = 9613018B2C5022D700878183 /* SQLite */; };
		9613018E2C50288900878183 /* LdkMigration.swift in Sources */ = {isa = PBXBuildFile; fileRef = 9613018D2C50288900878183 /* LdkMigration.swift */; };
		9613018F2C5028CC00878183 /* MigrationsService.swift in Sources */ = {isa = PBXBuildFile; fileRef = 961301872C50202A00878183 /* MigrationsService.swift */; };
		9637E6D32C32CE79004A92FC /* Env.swift in Sources */ = {isa = PBXBuildFile; fileRef = 9637E6D22C32CE79004A92FC /* Env.swift */; };
		9637E6D52C32D811004A92FC /* OnChainService.swift in Sources */ = {isa = PBXBuildFile; fileRef = 9637E6D42C32D811004A92FC /* OnChainService.swift */; };
		9637E6D82C32D8A7004A92FC /* BitcoinDevKit in Frameworks */ = {isa = PBXBuildFile; productRef = 9637E6D72C32D8A7004A92FC /* BitcoinDevKit */; };
		9637E6DA2C32E573004A92FC /* OnChainViewModel.swift in Sources */ = {isa = PBXBuildFile; fileRef = 9637E6D92C32E573004A92FC /* OnChainViewModel.swift */; };
		9637E6DD2C32EAA8004A92FC /* WalletNetwork.swift in Sources */ = {isa = PBXBuildFile; fileRef = 9637E6DC2C32EAA8004A92FC /* WalletNetwork.swift */; };
		9637E6DF2C32ED7B004A92FC /* LnPeer.swift in Sources */ = {isa = PBXBuildFile; fileRef = 9637E6DE2C32ED7B004A92FC /* LnPeer.swift */; };
		963DE7932C578D9900A2AA1D /* Keychain.swift in Sources */ = {isa = PBXBuildFile; fileRef = 963DE7922C578D9900A2AA1D /* Keychain.swift */; };
		963DE7942C578D9900A2AA1D /* Keychain.swift in Sources */ = {isa = PBXBuildFile; fileRef = 963DE7922C578D9900A2AA1D /* Keychain.swift */; };
		963DE7962C57969000A2AA1D /* KeychainTests.swift in Sources */ = {isa = PBXBuildFile; fileRef = 963DE7952C57969000A2AA1D /* KeychainTests.swift */; };
		963DE7972C57BC8D00A2AA1D /* Keychain.swift in Sources */ = {isa = PBXBuildFile; fileRef = 963DE7922C578D9900A2AA1D /* Keychain.swift */; };
		966DE6612C502C7E00A7B0EF /* Env.swift in Sources */ = {isa = PBXBuildFile; fileRef = 9637E6D22C32CE79004A92FC /* Env.swift */; };
		966DE6622C502C8600A7B0EF /* Errors.swift in Sources */ = {isa = PBXBuildFile; fileRef = 96F261352C369D2400167439 /* Errors.swift */; };
		966DE6632C502C8600A7B0EF /* Logger.swift in Sources */ = {isa = PBXBuildFile; fileRef = 96FE5A1A2C46A4DD00860ADC /* Logger.swift */; };
		966DE6642C502CA300A7B0EF /* ServiceQueue.swift in Sources */ = {isa = PBXBuildFile; fileRef = 96F261312C369C2100167439 /* ServiceQueue.swift */; };
		966DE6652C502CAD00A7B0EF /* WalletNetwork.swift in Sources */ = {isa = PBXBuildFile; fileRef = 9637E6DC2C32EAA8004A92FC /* WalletNetwork.swift */; };
		966DE6662C502CBD00A7B0EF /* LnPeer.swift in Sources */ = {isa = PBXBuildFile; fileRef = 9637E6DE2C32ED7B004A92FC /* LnPeer.swift */; };
		966DE6672C50372600A7B0EF /* LightningService.swift in Sources */ = {isa = PBXBuildFile; fileRef = 96B12A022C2EC65000DD07B0 /* LightningService.swift */; };
		966DE6682C50372900A7B0EF /* OnChainService.swift in Sources */ = {isa = PBXBuildFile; fileRef = 9637E6D42C32D811004A92FC /* OnChainService.swift */; };
		966DE66B2C50FA6A00A7B0EF /* channel_manager.bin in Resources */ = {isa = PBXBuildFile; fileRef = 966DE66A2C50FA6A00A7B0EF /* channel_manager.bin */; };
		966DE66D2C50FA7600A7B0EF /* adb1de43b448b04b3fdde638155929cd2163d2c53d36bb40b517d7acc44d1630.bin in Resources */ = {isa = PBXBuildFile; fileRef = 966DE66C2C50FA7600A7B0EF /* adb1de43b448b04b3fdde638155929cd2163d2c53d36bb40b517d7acc44d1630.bin */; };
		966DE6702C51210000A7B0EF /* LightningDevKit in Frameworks */ = {isa = PBXBuildFile; productRef = 966DE66F2C51210000A7B0EF /* LightningDevKit */; };
		966DE6722C512C1E00A7B0EF /* seed.bin in Resources */ = {isa = PBXBuildFile; fileRef = 966DE6712C512C1E00A7B0EF /* seed.bin */; };
		966DE6742C512C9300A7B0EF /* HexBytes.swift in Sources */ = {isa = PBXBuildFile; fileRef = 966DE6732C512C9300A7B0EF /* HexBytes.swift */; };
		966DE6752C512FD100A7B0EF /* HexBytes.swift in Sources */ = {isa = PBXBuildFile; fileRef = 966DE6732C512C9300A7B0EF /* HexBytes.swift */; };
		96B129FD2C2EC05D00DD07B0 /* LDKNode in Frameworks */ = {isa = PBXBuildFile; productRef = 96B129FC2C2EC05D00DD07B0 /* LDKNode */; };
		96B12A002C2EC37B00DD07B0 /* LightningViewModel.swift in Sources */ = {isa = PBXBuildFile; fileRef = 96B129FF2C2EC37B00DD07B0 /* LightningViewModel.swift */; };
		96B12A032C2EC65000DD07B0 /* LightningService.swift in Sources */ = {isa = PBXBuildFile; fileRef = 96B12A022C2EC65000DD07B0 /* LightningService.swift */; };
		96F261322C369C2100167439 /* ServiceQueue.swift in Sources */ = {isa = PBXBuildFile; fileRef = 96F261312C369C2100167439 /* ServiceQueue.swift */; };
		96F261332C369C2100167439 /* ServiceQueue.swift in Sources */ = {isa = PBXBuildFile; fileRef = 96F261312C369C2100167439 /* ServiceQueue.swift */; };
		96F261362C369D2400167439 /* Errors.swift in Sources */ = {isa = PBXBuildFile; fileRef = 96F261352C369D2400167439 /* Errors.swift */; };
		96F261372C369D2400167439 /* Errors.swift in Sources */ = {isa = PBXBuildFile; fileRef = 96F261352C369D2400167439 /* Errors.swift */; };
		96FE1F652C2DE6AA006D0C8B /* BitkitApp.swift in Sources */ = {isa = PBXBuildFile; fileRef = 96FE1F642C2DE6AA006D0C8B /* BitkitApp.swift */; };
		96FE1F672C2DE6AA006D0C8B /* ContentView.swift in Sources */ = {isa = PBXBuildFile; fileRef = 96FE1F662C2DE6AA006D0C8B /* ContentView.swift */; };
		96FE1F692C2DE6AC006D0C8B /* Assets.xcassets in Resources */ = {isa = PBXBuildFile; fileRef = 96FE1F682C2DE6AC006D0C8B /* Assets.xcassets */; };
		96FE1F6D2C2DE6AC006D0C8B /* Preview Assets.xcassets in Resources */ = {isa = PBXBuildFile; fileRef = 96FE1F6C2C2DE6AC006D0C8B /* Preview Assets.xcassets */; };
		96FE1F772C2DE6AC006D0C8B /* BitkitTests.swift in Sources */ = {isa = PBXBuildFile; fileRef = 96FE1F762C2DE6AC006D0C8B /* BitkitTests.swift */; };
		96FE1F812C2DE6AC006D0C8B /* BitkitUITests.swift in Sources */ = {isa = PBXBuildFile; fileRef = 96FE1F802C2DE6AC006D0C8B /* BitkitUITests.swift */; };
		96FE1F832C2DE6AC006D0C8B /* BitkitUITestsLaunchTests.swift in Sources */ = {isa = PBXBuildFile; fileRef = 96FE1F822C2DE6AC006D0C8B /* BitkitUITestsLaunchTests.swift */; };
		96FE5A192C46594500860ADC /* LogView.swift in Sources */ = {isa = PBXBuildFile; fileRef = 96FE5A182C46594500860ADC /* LogView.swift */; };
		96FE5A1B2C46A4DD00860ADC /* Logger.swift in Sources */ = {isa = PBXBuildFile; fileRef = 96FE5A1A2C46A4DD00860ADC /* Logger.swift */; };
		96FE5A1C2C46A4E100860ADC /* Logger.swift in Sources */ = {isa = PBXBuildFile; fileRef = 96FE5A1A2C46A4DD00860ADC /* Logger.swift */; };
/* End PBXBuildFile section */

/* Begin PBXContainerItemProxy section */
		961058E12C355B5500E1F1D8 /* PBXContainerItemProxy */ = {
			isa = PBXContainerItemProxy;
			containerPortal = 96FE1F592C2DE6AA006D0C8B /* Project object */;
			proxyType = 1;
			remoteGlobalIDString = 961058DB2C355B5500E1F1D8;
			remoteInfo = BitkitNotification;
		};
		96FE1F732C2DE6AC006D0C8B /* PBXContainerItemProxy */ = {
			isa = PBXContainerItemProxy;
			containerPortal = 96FE1F592C2DE6AA006D0C8B /* Project object */;
			proxyType = 1;
			remoteGlobalIDString = 96FE1F602C2DE6AA006D0C8B;
			remoteInfo = Bitkit;
		};
		96FE1F7D2C2DE6AC006D0C8B /* PBXContainerItemProxy */ = {
			isa = PBXContainerItemProxy;
			containerPortal = 96FE1F592C2DE6AA006D0C8B /* Project object */;
			proxyType = 1;
			remoteGlobalIDString = 96FE1F602C2DE6AA006D0C8B;
			remoteInfo = Bitkit;
		};
/* End PBXContainerItemProxy section */

/* Begin PBXCopyFilesBuildPhase section */
		961058E72C355B5500E1F1D8 /* Embed Foundation Extensions */ = {
			isa = PBXCopyFilesBuildPhase;
			buildActionMask = 2147483647;
			dstPath = "";
			dstSubfolderSpec = 13;
			files = (
				961058E32C355B5500E1F1D8 /* BitkitNotification.appex in Embed Foundation Extensions */,
			);
			name = "Embed Foundation Extensions";
			runOnlyForDeploymentPostprocessing = 0;
		};
/* End PBXCopyFilesBuildPhase section */

/* Begin PBXFileReference section */
		961058DC2C355B5500E1F1D8 /* BitkitNotification.appex */ = {isa = PBXFileReference; explicitFileType = "wrapper.app-extension"; includeInIndex = 0; path = BitkitNotification.appex; sourceTree = BUILT_PRODUCTS_DIR; };
		961058DE2C355B5500E1F1D8 /* NotificationService.swift */ = {isa = PBXFileReference; lastKnownFileType = sourcecode.swift; path = NotificationService.swift; sourceTree = "<group>"; };
		961058E02C355B5500E1F1D8 /* Info.plist */ = {isa = PBXFileReference; lastKnownFileType = text.plist.xml; path = Info.plist; sourceTree = "<group>"; };
		961301872C50202A00878183 /* MigrationsService.swift */ = {isa = PBXFileReference; lastKnownFileType = sourcecode.swift; path = MigrationsService.swift; sourceTree = "<group>"; };
		9613018D2C50288900878183 /* LdkMigration.swift */ = {isa = PBXFileReference; lastKnownFileType = sourcecode.swift; path = LdkMigration.swift; sourceTree = "<group>"; };
		9637E6D22C32CE79004A92FC /* Env.swift */ = {isa = PBXFileReference; lastKnownFileType = sourcecode.swift; path = Env.swift; sourceTree = "<group>"; };
		9637E6D42C32D811004A92FC /* OnChainService.swift */ = {isa = PBXFileReference; lastKnownFileType = sourcecode.swift; path = OnChainService.swift; sourceTree = "<group>"; };
		9637E6D92C32E573004A92FC /* OnChainViewModel.swift */ = {isa = PBXFileReference; lastKnownFileType = sourcecode.swift; path = OnChainViewModel.swift; sourceTree = "<group>"; };
		9637E6DC2C32EAA8004A92FC /* WalletNetwork.swift */ = {isa = PBXFileReference; lastKnownFileType = sourcecode.swift; path = WalletNetwork.swift; sourceTree = "<group>"; };
		9637E6DE2C32ED7B004A92FC /* LnPeer.swift */ = {isa = PBXFileReference; lastKnownFileType = sourcecode.swift; path = LnPeer.swift; sourceTree = "<group>"; };
		963DE7922C578D9900A2AA1D /* Keychain.swift */ = {isa = PBXFileReference; lastKnownFileType = sourcecode.swift; path = Keychain.swift; sourceTree = "<group>"; };
		963DE7952C57969000A2AA1D /* KeychainTests.swift */ = {isa = PBXFileReference; lastKnownFileType = sourcecode.swift; path = KeychainTests.swift; sourceTree = "<group>"; };
		966DE66A2C50FA6A00A7B0EF /* channel_manager.bin */ = {isa = PBXFileReference; lastKnownFileType = archive.macbinary; path = channel_manager.bin; sourceTree = "<group>"; };
		966DE66C2C50FA7600A7B0EF /* adb1de43b448b04b3fdde638155929cd2163d2c53d36bb40b517d7acc44d1630.bin */ = {isa = PBXFileReference; lastKnownFileType = archive.macbinary; path = adb1de43b448b04b3fdde638155929cd2163d2c53d36bb40b517d7acc44d1630.bin; sourceTree = "<group>"; };
		966DE6712C512C1E00A7B0EF /* seed.bin */ = {isa = PBXFileReference; lastKnownFileType = archive.macbinary; path = seed.bin; sourceTree = "<group>"; };
		966DE6732C512C9300A7B0EF /* HexBytes.swift */ = {isa = PBXFileReference; lastKnownFileType = sourcecode.swift; path = HexBytes.swift; sourceTree = "<group>"; };
		96B129FF2C2EC37B00DD07B0 /* LightningViewModel.swift */ = {isa = PBXFileReference; lastKnownFileType = sourcecode.swift; path = LightningViewModel.swift; sourceTree = "<group>"; };
		96B12A022C2EC65000DD07B0 /* LightningService.swift */ = {isa = PBXFileReference; lastKnownFileType = sourcecode.swift; path = LightningService.swift; sourceTree = "<group>"; };
		96C246C32C455AF60058222C /* BitkitNotification.entitlements */ = {isa = PBXFileReference; lastKnownFileType = text.plist.entitlements; path = BitkitNotification.entitlements; sourceTree = "<group>"; };
		96F261312C369C2100167439 /* ServiceQueue.swift */ = {isa = PBXFileReference; lastKnownFileType = sourcecode.swift; path = ServiceQueue.swift; sourceTree = "<group>"; };
		96F261352C369D2400167439 /* Errors.swift */ = {isa = PBXFileReference; lastKnownFileType = sourcecode.swift; path = Errors.swift; sourceTree = "<group>"; };
		96FE1F612C2DE6AA006D0C8B /* Bitkit.app */ = {isa = PBXFileReference; explicitFileType = wrapper.application; includeInIndex = 0; path = Bitkit.app; sourceTree = BUILT_PRODUCTS_DIR; };
		96FE1F642C2DE6AA006D0C8B /* BitkitApp.swift */ = {isa = PBXFileReference; lastKnownFileType = sourcecode.swift; path = BitkitApp.swift; sourceTree = "<group>"; };
		96FE1F662C2DE6AA006D0C8B /* ContentView.swift */ = {isa = PBXFileReference; lastKnownFileType = sourcecode.swift; path = ContentView.swift; sourceTree = "<group>"; };
		96FE1F682C2DE6AC006D0C8B /* Assets.xcassets */ = {isa = PBXFileReference; lastKnownFileType = folder.assetcatalog; path = Assets.xcassets; sourceTree = "<group>"; };
		96FE1F6A2C2DE6AC006D0C8B /* Bitkit.entitlements */ = {isa = PBXFileReference; lastKnownFileType = text.plist.entitlements; path = Bitkit.entitlements; sourceTree = "<group>"; };
		96FE1F6C2C2DE6AC006D0C8B /* Preview Assets.xcassets */ = {isa = PBXFileReference; lastKnownFileType = folder.assetcatalog; path = "Preview Assets.xcassets"; sourceTree = "<group>"; };
		96FE1F722C2DE6AC006D0C8B /* BitkitTests.xctest */ = {isa = PBXFileReference; explicitFileType = wrapper.cfbundle; includeInIndex = 0; path = BitkitTests.xctest; sourceTree = BUILT_PRODUCTS_DIR; };
		96FE1F762C2DE6AC006D0C8B /* BitkitTests.swift */ = {isa = PBXFileReference; lastKnownFileType = sourcecode.swift; path = BitkitTests.swift; sourceTree = "<group>"; };
		96FE1F7C2C2DE6AC006D0C8B /* BitkitUITests.xctest */ = {isa = PBXFileReference; explicitFileType = wrapper.cfbundle; includeInIndex = 0; path = BitkitUITests.xctest; sourceTree = BUILT_PRODUCTS_DIR; };
		96FE1F802C2DE6AC006D0C8B /* BitkitUITests.swift */ = {isa = PBXFileReference; lastKnownFileType = sourcecode.swift; path = BitkitUITests.swift; sourceTree = "<group>"; };
		96FE1F822C2DE6AC006D0C8B /* BitkitUITestsLaunchTests.swift */ = {isa = PBXFileReference; lastKnownFileType = sourcecode.swift; path = BitkitUITestsLaunchTests.swift; sourceTree = "<group>"; };
		96FE5A182C46594500860ADC /* LogView.swift */ = {isa = PBXFileReference; lastKnownFileType = sourcecode.swift; path = LogView.swift; sourceTree = "<group>"; };
		96FE5A1A2C46A4DD00860ADC /* Logger.swift */ = {isa = PBXFileReference; lastKnownFileType = sourcecode.swift; path = Logger.swift; sourceTree = "<group>"; };
/* End PBXFileReference section */

/* Begin PBXFrameworksBuildPhase section */
		961058D92C355B5500E1F1D8 /* Frameworks */ = {
			isa = PBXFrameworksBuildPhase;
			buildActionMask = 2147483647;
			files = (
				961058F02C35799400E1F1D8 /* BitcoinDevKit in Frameworks */,
				961058EE2C35798C00E1F1D8 /* LDKNode in Frameworks */,
			);
			runOnlyForDeploymentPostprocessing = 0;
		};
		96FE1F5E2C2DE6AA006D0C8B /* Frameworks */ = {
			isa = PBXFrameworksBuildPhase;
			buildActionMask = 2147483647;
			files = (
				9613018C2C5022D700878183 /* SQLite in Frameworks */,
				9637E6D82C32D8A7004A92FC /* BitcoinDevKit in Frameworks */,
				966DE6702C51210000A7B0EF /* LightningDevKit in Frameworks */,
				96B129FD2C2EC05D00DD07B0 /* LDKNode in Frameworks */,
			);
			runOnlyForDeploymentPostprocessing = 0;
		};
		96FE1F6F2C2DE6AC006D0C8B /* Frameworks */ = {
			isa = PBXFrameworksBuildPhase;
			buildActionMask = 2147483647;
			files = (
			);
			runOnlyForDeploymentPostprocessing = 0;
		};
		96FE1F792C2DE6AC006D0C8B /* Frameworks */ = {
			isa = PBXFrameworksBuildPhase;
			buildActionMask = 2147483647;
			files = (
			);
			runOnlyForDeploymentPostprocessing = 0;
		};
/* End PBXFrameworksBuildPhase section */

/* Begin PBXGroup section */
		961058DD2C355B5500E1F1D8 /* BitkitNotification */ = {
			isa = PBXGroup;
			children = (
				96C246C32C455AF60058222C /* BitkitNotification.entitlements */,
				961058DE2C355B5500E1F1D8 /* NotificationService.swift */,
				961058E02C355B5500E1F1D8 /* Info.plist */,
			);
			path = BitkitNotification;
			sourceTree = "<group>";
		};
		961058EC2C35798C00E1F1D8 /* Frameworks */ = {
			isa = PBXGroup;
			children = (
			);
			name = Frameworks;
			sourceTree = "<group>";
		};
		961058F12C35904F00E1F1D8 /* Extensions */ = {
			isa = PBXGroup;
			children = (
				966DE6732C512C9300A7B0EF /* HexBytes.swift */,
			);
			path = Extensions;
			sourceTree = "<group>";
		};
		9637E6D12C32CE65004A92FC /* Constants */ = {
			isa = PBXGroup;
			children = (
				9637E6D22C32CE79004A92FC /* Env.swift */,
			);
			path = Constants;
			sourceTree = "<group>";
		};
		9637E6DB2C32EA84004A92FC /* Models */ = {
			isa = PBXGroup;
			children = (
				9637E6DC2C32EAA8004A92FC /* WalletNetwork.swift */,
				9637E6DE2C32ED7B004A92FC /* LnPeer.swift */,
			);
			path = Models;
			sourceTree = "<group>";
		};
		966DE6692C50FA5800A7B0EF /* ldk-backup */ = {
			isa = PBXGroup;
			children = (
				966DE6712C512C1E00A7B0EF /* seed.bin */,
				966DE66A2C50FA6A00A7B0EF /* channel_manager.bin */,
				966DE66C2C50FA7600A7B0EF /* adb1de43b448b04b3fdde638155929cd2163d2c53d36bb40b517d7acc44d1630.bin */,
			);
			path = "ldk-backup";
			sourceTree = "<group>";
		};
		96B129FE2C2EC0ED00DD07B0 /* ViewModels */ = {
			isa = PBXGroup;
			children = (
				96B129FF2C2EC37B00DD07B0 /* LightningViewModel.swift */,
				9637E6D92C32E573004A92FC /* OnChainViewModel.swift */,
			);
			path = ViewModels;
			sourceTree = "<group>";
		};
		96B12A012C2EC61500DD07B0 /* Services */ = {
			isa = PBXGroup;
			children = (
				96B12A022C2EC65000DD07B0 /* LightningService.swift */,
				9637E6D42C32D811004A92FC /* OnChainService.swift */,
				961301872C50202A00878183 /* MigrationsService.swift */,
				96F261312C369C2100167439 /* ServiceQueue.swift */,
			);
			path = Services;
			sourceTree = "<group>";
		};
		96F261342C369D1300167439 /* Utilities */ = {
			isa = PBXGroup;
			children = (
				96F261352C369D2400167439 /* Errors.swift */,
				96FE5A1A2C46A4DD00860ADC /* Logger.swift */,
				963DE7922C578D9900A2AA1D /* Keychain.swift */,
			);
			path = Utilities;
			sourceTree = "<group>";
		};
		96FE1F582C2DE6AA006D0C8B = {
			isa = PBXGroup;
			children = (
				96FE1F632C2DE6AA006D0C8B /* Bitkit */,
				96FE1F752C2DE6AC006D0C8B /* BitkitTests */,
				96FE1F7F2C2DE6AC006D0C8B /* BitkitUITests */,
				961058DD2C355B5500E1F1D8 /* BitkitNotification */,
				96FE1F622C2DE6AA006D0C8B /* Products */,
				961058EC2C35798C00E1F1D8 /* Frameworks */,
			);
			sourceTree = "<group>";
		};
		96FE1F622C2DE6AA006D0C8B /* Products */ = {
			isa = PBXGroup;
			children = (
				96FE1F612C2DE6AA006D0C8B /* Bitkit.app */,
				96FE1F722C2DE6AC006D0C8B /* BitkitTests.xctest */,
				96FE1F7C2C2DE6AC006D0C8B /* BitkitUITests.xctest */,
				961058DC2C355B5500E1F1D8 /* BitkitNotification.appex */,
			);
			name = Products;
			sourceTree = "<group>";
		};
		96FE1F632C2DE6AA006D0C8B /* Bitkit */ = {
			isa = PBXGroup;
			children = (
				96FE1F642C2DE6AA006D0C8B /* BitkitApp.swift */,
				96FE1F662C2DE6AA006D0C8B /* ContentView.swift */,
				96FE5A172C46592800860ADC /* Views */,
				96B129FE2C2EC0ED00DD07B0 /* ViewModels */,
				96B12A012C2EC61500DD07B0 /* Services */,
				9637E6DB2C32EA84004A92FC /* Models */,
				9637E6D12C32CE65004A92FC /* Constants */,
				961058F12C35904F00E1F1D8 /* Extensions */,
				96F261342C369D1300167439 /* Utilities */,
				96FE1F682C2DE6AC006D0C8B /* Assets.xcassets */,
				96FE1F6A2C2DE6AC006D0C8B /* Bitkit.entitlements */,
				96FE1F6B2C2DE6AC006D0C8B /* Preview Content */,
			);
			path = Bitkit;
			sourceTree = "<group>";
		};
		96FE1F6B2C2DE6AC006D0C8B /* Preview Content */ = {
			isa = PBXGroup;
			children = (
				96FE1F6C2C2DE6AC006D0C8B /* Preview Assets.xcassets */,
			);
			path = "Preview Content";
			sourceTree = "<group>";
		};
		96FE1F752C2DE6AC006D0C8B /* BitkitTests */ = {
			isa = PBXGroup;
			children = (
				966DE6692C50FA5800A7B0EF /* ldk-backup */,
				96FE1F762C2DE6AC006D0C8B /* BitkitTests.swift */,
				9613018D2C50288900878183 /* LdkMigration.swift */,
				963DE7952C57969000A2AA1D /* KeychainTests.swift */,
			);
			path = BitkitTests;
			sourceTree = "<group>";
		};
		96FE1F7F2C2DE6AC006D0C8B /* BitkitUITests */ = {
			isa = PBXGroup;
			children = (
				96FE1F802C2DE6AC006D0C8B /* BitkitUITests.swift */,
				96FE1F822C2DE6AC006D0C8B /* BitkitUITestsLaunchTests.swift */,
			);
			path = BitkitUITests;
			sourceTree = "<group>";
		};
		96FE5A172C46592800860ADC /* Views */ = {
			isa = PBXGroup;
			children = (
				96FE5A182C46594500860ADC /* LogView.swift */,
			);
			path = Views;
			sourceTree = "<group>";
		};
/* End PBXGroup section */

/* Begin PBXNativeTarget section */
		961058DB2C355B5500E1F1D8 /* BitkitNotification */ = {
			isa = PBXNativeTarget;
			buildConfigurationList = 961058E42C355B5500E1F1D8 /* Build configuration list for PBXNativeTarget "BitkitNotification" */;
			buildPhases = (
				961058D82C355B5500E1F1D8 /* Sources */,
				961058D92C355B5500E1F1D8 /* Frameworks */,
				961058DA2C355B5500E1F1D8 /* Resources */,
			);
			buildRules = (
			);
			dependencies = (
			);
			name = BitkitNotification;
			packageProductDependencies = (
				961058ED2C35798C00E1F1D8 /* LDKNode */,
				961058EF2C35799400E1F1D8 /* BitcoinDevKit */,
			);
			productName = BitkitNotification;
			productReference = 961058DC2C355B5500E1F1D8 /* BitkitNotification.appex */;
			productType = "com.apple.product-type.app-extension";
		};
		96FE1F602C2DE6AA006D0C8B /* Bitkit */ = {
			isa = PBXNativeTarget;
			buildConfigurationList = 96FE1F862C2DE6AC006D0C8B /* Build configuration list for PBXNativeTarget "Bitkit" */;
			buildPhases = (
				96FE1F5D2C2DE6AA006D0C8B /* Sources */,
				96FE1F5E2C2DE6AA006D0C8B /* Frameworks */,
				96FE1F5F2C2DE6AA006D0C8B /* Resources */,
				961058E72C355B5500E1F1D8 /* Embed Foundation Extensions */,
			);
			buildRules = (
			);
			dependencies = (
				961058E22C355B5500E1F1D8 /* PBXTargetDependency */,
			);
			name = Bitkit;
			packageProductDependencies = (
				96B129FC2C2EC05D00DD07B0 /* LDKNode */,
				9637E6D72C32D8A7004A92FC /* BitcoinDevKit */,
				9613018B2C5022D700878183 /* SQLite */,
				966DE66F2C51210000A7B0EF /* LightningDevKit */,
			);
			productName = Bitkit;
			productReference = 96FE1F612C2DE6AA006D0C8B /* Bitkit.app */;
			productType = "com.apple.product-type.application";
		};
		96FE1F712C2DE6AC006D0C8B /* BitkitTests */ = {
			isa = PBXNativeTarget;
			buildConfigurationList = 96FE1F892C2DE6AC006D0C8B /* Build configuration list for PBXNativeTarget "BitkitTests" */;
			buildPhases = (
				96FE1F6E2C2DE6AC006D0C8B /* Sources */,
				96FE1F6F2C2DE6AC006D0C8B /* Frameworks */,
				96FE1F702C2DE6AC006D0C8B /* Resources */,
			);
			buildRules = (
			);
			dependencies = (
				96FE1F742C2DE6AC006D0C8B /* PBXTargetDependency */,
			);
			name = BitkitTests;
			productName = BitkitTests;
			productReference = 96FE1F722C2DE6AC006D0C8B /* BitkitTests.xctest */;
			productType = "com.apple.product-type.bundle.unit-test";
		};
		96FE1F7B2C2DE6AC006D0C8B /* BitkitUITests */ = {
			isa = PBXNativeTarget;
			buildConfigurationList = 96FE1F8C2C2DE6AC006D0C8B /* Build configuration list for PBXNativeTarget "BitkitUITests" */;
			buildPhases = (
				96FE1F782C2DE6AC006D0C8B /* Sources */,
				96FE1F792C2DE6AC006D0C8B /* Frameworks */,
				96FE1F7A2C2DE6AC006D0C8B /* Resources */,
			);
			buildRules = (
			);
			dependencies = (
				96FE1F7E2C2DE6AC006D0C8B /* PBXTargetDependency */,
			);
			name = BitkitUITests;
			productName = BitkitUITests;
			productReference = 96FE1F7C2C2DE6AC006D0C8B /* BitkitUITests.xctest */;
			productType = "com.apple.product-type.bundle.ui-testing";
		};
/* End PBXNativeTarget section */

/* Begin PBXProject section */
		96FE1F592C2DE6AA006D0C8B /* Project object */ = {
			isa = PBXProject;
			attributes = {
				BuildIndependentTargetsInParallel = 1;
				LastSwiftUpdateCheck = 1540;
				LastUpgradeCheck = 1540;
				TargetAttributes = {
					961058DB2C355B5500E1F1D8 = {
						CreatedOnToolsVersion = 15.4;
					};
					96FE1F602C2DE6AA006D0C8B = {
						CreatedOnToolsVersion = 15.4;
					};
					96FE1F712C2DE6AC006D0C8B = {
						CreatedOnToolsVersion = 15.4;
						TestTargetID = 96FE1F602C2DE6AA006D0C8B;
					};
					96FE1F7B2C2DE6AC006D0C8B = {
						CreatedOnToolsVersion = 15.4;
						TestTargetID = 96FE1F602C2DE6AA006D0C8B;
					};
				};
			};
			buildConfigurationList = 96FE1F5C2C2DE6AA006D0C8B /* Build configuration list for PBXProject "Bitkit" */;
			compatibilityVersion = "Xcode 14.0";
			developmentRegion = en;
			hasScannedForEncodings = 0;
			knownRegions = (
				en,
				Base,
			);
			mainGroup = 96FE1F582C2DE6AA006D0C8B;
			packageReferences = (
				96B129FB2C2EC05D00DD07B0 /* XCRemoteSwiftPackageReference "ldk-node" */,
				9637E6D62C32D8A7004A92FC /* XCRemoteSwiftPackageReference "bdk-swift" */,
				961301892C50215500878183 /* XCRemoteSwiftPackageReference "SQLite.swift" */,
				966DE66E2C51210000A7B0EF /* XCRemoteSwiftPackageReference "ldk-swift" */,
			);
			productRefGroup = 96FE1F622C2DE6AA006D0C8B /* Products */;
			projectDirPath = "";
			projectRoot = "";
			targets = (
				96FE1F602C2DE6AA006D0C8B /* Bitkit */,
				96FE1F712C2DE6AC006D0C8B /* BitkitTests */,
				96FE1F7B2C2DE6AC006D0C8B /* BitkitUITests */,
				961058DB2C355B5500E1F1D8 /* BitkitNotification */,
			);
		};
/* End PBXProject section */

/* Begin PBXResourcesBuildPhase section */
		961058DA2C355B5500E1F1D8 /* Resources */ = {
			isa = PBXResourcesBuildPhase;
			buildActionMask = 2147483647;
			files = (
			);
			runOnlyForDeploymentPostprocessing = 0;
		};
		96FE1F5F2C2DE6AA006D0C8B /* Resources */ = {
			isa = PBXResourcesBuildPhase;
			buildActionMask = 2147483647;
			files = (
				96FE1F6D2C2DE6AC006D0C8B /* Preview Assets.xcassets in Resources */,
				96FE1F692C2DE6AC006D0C8B /* Assets.xcassets in Resources */,
			);
			runOnlyForDeploymentPostprocessing = 0;
		};
		96FE1F702C2DE6AC006D0C8B /* Resources */ = {
			isa = PBXResourcesBuildPhase;
			buildActionMask = 2147483647;
			files = (
				966DE66B2C50FA6A00A7B0EF /* channel_manager.bin in Resources */,
				966DE6722C512C1E00A7B0EF /* seed.bin in Resources */,
				966DE66D2C50FA7600A7B0EF /* adb1de43b448b04b3fdde638155929cd2163d2c53d36bb40b517d7acc44d1630.bin in Resources */,
			);
			runOnlyForDeploymentPostprocessing = 0;
		};
		96FE1F7A2C2DE6AC006D0C8B /* Resources */ = {
			isa = PBXResourcesBuildPhase;
			buildActionMask = 2147483647;
			files = (
			);
			runOnlyForDeploymentPostprocessing = 0;
		};
/* End PBXResourcesBuildPhase section */

/* Begin PBXSourcesBuildPhase section */
		961058D82C355B5500E1F1D8 /* Sources */ = {
			isa = PBXSourcesBuildPhase;
			buildActionMask = 2147483647;
			files = (
				961058E92C35792100E1F1D8 /* Env.swift in Sources */,
				961058E82C35791700E1F1D8 /* LightningService.swift in Sources */,
				961058EA2C35793000E1F1D8 /* LnPeer.swift in Sources */,
				96F261332C369C2100167439 /* ServiceQueue.swift in Sources */,
				961058EB2C35793000E1F1D8 /* WalletNetwork.swift in Sources */,
				963DE7972C57BC8D00A2AA1D /* Keychain.swift in Sources */,
				961058DF2C355B5500E1F1D8 /* NotificationService.swift in Sources */,
				96F261372C369D2400167439 /* Errors.swift in Sources */,
				96FE5A1C2C46A4E100860ADC /* Logger.swift in Sources */,
			);
			runOnlyForDeploymentPostprocessing = 0;
		};
		96FE1F5D2C2DE6AA006D0C8B /* Sources */ = {
			isa = PBXSourcesBuildPhase;
			buildActionMask = 2147483647;
			files = (
				9637E6D32C32CE79004A92FC /* Env.swift in Sources */,
				96FE5A192C46594500860ADC /* LogView.swift in Sources */,
				961301882C50202A00878183 /* MigrationsService.swift in Sources */,
				96B12A002C2EC37B00DD07B0 /* LightningViewModel.swift in Sources */,
				9637E6DD2C32EAA8004A92FC /* WalletNetwork.swift in Sources */,
				963DE7932C578D9900A2AA1D /* Keychain.swift in Sources */,
				96F261362C369D2400167439 /* Errors.swift in Sources */,
				9637E6DA2C32E573004A92FC /* OnChainViewModel.swift in Sources */,
				96F261322C369C2100167439 /* ServiceQueue.swift in Sources */,
				9637E6DF2C32ED7B004A92FC /* LnPeer.swift in Sources */,
				96FE1F672C2DE6AA006D0C8B /* ContentView.swift in Sources */,
				96FE5A1B2C46A4DD00860ADC /* Logger.swift in Sources */,
				96B12A032C2EC65000DD07B0 /* LightningService.swift in Sources */,
				966DE6742C512C9300A7B0EF /* HexBytes.swift in Sources */,
				9637E6D52C32D811004A92FC /* OnChainService.swift in Sources */,
				96FE1F652C2DE6AA006D0C8B /* BitkitApp.swift in Sources */,
			);
			runOnlyForDeploymentPostprocessing = 0;
		};
		96FE1F6E2C2DE6AC006D0C8B /* Sources */ = {
			isa = PBXSourcesBuildPhase;
			buildActionMask = 2147483647;
			files = (
				966DE6622C502C8600A7B0EF /* Errors.swift in Sources */,
				966DE6652C502CAD00A7B0EF /* WalletNetwork.swift in Sources */,
				963DE7942C578D9900A2AA1D /* Keychain.swift in Sources */,
				966DE6672C50372600A7B0EF /* LightningService.swift in Sources */,
				966DE6632C502C8600A7B0EF /* Logger.swift in Sources */,
				9613018E2C50288900878183 /* LdkMigration.swift in Sources */,
				966DE6662C502CBD00A7B0EF /* LnPeer.swift in Sources */,
				966DE6612C502C7E00A7B0EF /* Env.swift in Sources */,
				9613018F2C5028CC00878183 /* MigrationsService.swift in Sources */,
				966DE6642C502CA300A7B0EF /* ServiceQueue.swift in Sources */,
				966DE6752C512FD100A7B0EF /* HexBytes.swift in Sources */,
				96FE1F772C2DE6AC006D0C8B /* BitkitTests.swift in Sources */,
				966DE6682C50372900A7B0EF /* OnChainService.swift in Sources */,
				963DE7962C57969000A2AA1D /* KeychainTests.swift in Sources */,
			);
			runOnlyForDeploymentPostprocessing = 0;
		};
		96FE1F782C2DE6AC006D0C8B /* Sources */ = {
			isa = PBXSourcesBuildPhase;
			buildActionMask = 2147483647;
			files = (
				96FE1F812C2DE6AC006D0C8B /* BitkitUITests.swift in Sources */,
				96FE1F832C2DE6AC006D0C8B /* BitkitUITestsLaunchTests.swift in Sources */,
			);
			runOnlyForDeploymentPostprocessing = 0;
		};
/* End PBXSourcesBuildPhase section */

/* Begin PBXTargetDependency section */
		961058E22C355B5500E1F1D8 /* PBXTargetDependency */ = {
			isa = PBXTargetDependency;
			target = 961058DB2C355B5500E1F1D8 /* BitkitNotification */;
			targetProxy = 961058E12C355B5500E1F1D8 /* PBXContainerItemProxy */;
		};
		96FE1F742C2DE6AC006D0C8B /* PBXTargetDependency */ = {
			isa = PBXTargetDependency;
			target = 96FE1F602C2DE6AA006D0C8B /* Bitkit */;
			targetProxy = 96FE1F732C2DE6AC006D0C8B /* PBXContainerItemProxy */;
		};
		96FE1F7E2C2DE6AC006D0C8B /* PBXTargetDependency */ = {
			isa = PBXTargetDependency;
			target = 96FE1F602C2DE6AA006D0C8B /* Bitkit */;
			targetProxy = 96FE1F7D2C2DE6AC006D0C8B /* PBXContainerItemProxy */;
		};
/* End PBXTargetDependency section */

/* Begin XCBuildConfiguration section */
		961058E52C355B5500E1F1D8 /* Debug */ = {
			isa = XCBuildConfiguration;
			buildSettings = {
				CODE_SIGN_ENTITLEMENTS = BitkitNotification/BitkitNotification.entitlements;
				CODE_SIGN_STYLE = Automatic;
				CURRENT_PROJECT_VERSION = 1;
				DEVELOPMENT_TEAM = KYH47R284B;
				GENERATE_INFOPLIST_FILE = YES;
				INFOPLIST_FILE = BitkitNotification/Info.plist;
				INFOPLIST_KEY_CFBundleDisplayName = BitkitNotification;
				INFOPLIST_KEY_NSHumanReadableCopyright = "";
				IPHONEOS_DEPLOYMENT_TARGET = 17.5;
				LD_RUNPATH_SEARCH_PATHS = (
					"$(inherited)",
					"@executable_path/Frameworks",
					"@executable_path/../../Frameworks",
				);
				MARKETING_VERSION = 1.0;
				PRODUCT_BUNDLE_IDENTIFIER = to.Bitkit.native.BitkitNotification;
				PRODUCT_NAME = "$(TARGET_NAME)";
				SDKROOT = iphoneos;
				SKIP_INSTALL = YES;
				SWIFT_EMIT_LOC_STRINGS = YES;
				SWIFT_VERSION = 5.0;
				TARGETED_DEVICE_FAMILY = "1,2";
			};
			name = Debug;
		};
		961058E62C355B5500E1F1D8 /* Release */ = {
			isa = XCBuildConfiguration;
			buildSettings = {
				CODE_SIGN_ENTITLEMENTS = BitkitNotification/BitkitNotification.entitlements;
				CODE_SIGN_STYLE = Automatic;
				CURRENT_PROJECT_VERSION = 1;
				DEVELOPMENT_TEAM = KYH47R284B;
				GENERATE_INFOPLIST_FILE = YES;
				INFOPLIST_FILE = BitkitNotification/Info.plist;
				INFOPLIST_KEY_CFBundleDisplayName = BitkitNotification;
				INFOPLIST_KEY_NSHumanReadableCopyright = "";
				IPHONEOS_DEPLOYMENT_TARGET = 17.5;
				LD_RUNPATH_SEARCH_PATHS = (
					"$(inherited)",
					"@executable_path/Frameworks",
					"@executable_path/../../Frameworks",
				);
				MARKETING_VERSION = 1.0;
				PRODUCT_BUNDLE_IDENTIFIER = to.Bitkit.native.BitkitNotification;
				PRODUCT_NAME = "$(TARGET_NAME)";
				SDKROOT = iphoneos;
				SKIP_INSTALL = YES;
				SWIFT_EMIT_LOC_STRINGS = YES;
				SWIFT_VERSION = 5.0;
				TARGETED_DEVICE_FAMILY = "1,2";
				VALIDATE_PRODUCT = YES;
			};
			name = Release;
		};
		96FE1F842C2DE6AC006D0C8B /* Debug */ = {
			isa = XCBuildConfiguration;
			buildSettings = {
				ALWAYS_SEARCH_USER_PATHS = NO;
				ASSETCATALOG_COMPILER_GENERATE_SWIFT_ASSET_SYMBOL_EXTENSIONS = YES;
				CLANG_ANALYZER_NONNULL = YES;
				CLANG_ANALYZER_NUMBER_OBJECT_CONVERSION = YES_AGGRESSIVE;
				CLANG_CXX_LANGUAGE_STANDARD = "gnu++20";
				CLANG_ENABLE_MODULES = YES;
				CLANG_ENABLE_OBJC_ARC = YES;
				CLANG_ENABLE_OBJC_WEAK = YES;
				CLANG_WARN_BLOCK_CAPTURE_AUTORELEASING = YES;
				CLANG_WARN_BOOL_CONVERSION = YES;
				CLANG_WARN_COMMA = YES;
				CLANG_WARN_CONSTANT_CONVERSION = YES;
				CLANG_WARN_DEPRECATED_OBJC_IMPLEMENTATIONS = YES;
				CLANG_WARN_DIRECT_OBJC_ISA_USAGE = YES_ERROR;
				CLANG_WARN_DOCUMENTATION_COMMENTS = YES;
				CLANG_WARN_EMPTY_BODY = YES;
				CLANG_WARN_ENUM_CONVERSION = YES;
				CLANG_WARN_INFINITE_RECURSION = YES;
				CLANG_WARN_INT_CONVERSION = YES;
				CLANG_WARN_NON_LITERAL_NULL_CONVERSION = YES;
				CLANG_WARN_OBJC_IMPLICIT_RETAIN_SELF = YES;
				CLANG_WARN_OBJC_LITERAL_CONVERSION = YES;
				CLANG_WARN_OBJC_ROOT_CLASS = YES_ERROR;
				CLANG_WARN_QUOTED_INCLUDE_IN_FRAMEWORK_HEADER = YES;
				CLANG_WARN_RANGE_LOOP_ANALYSIS = YES;
				CLANG_WARN_STRICT_PROTOTYPES = YES;
				CLANG_WARN_SUSPICIOUS_MOVE = YES;
				CLANG_WARN_UNGUARDED_AVAILABILITY = YES_AGGRESSIVE;
				CLANG_WARN_UNREACHABLE_CODE = YES;
				CLANG_WARN__DUPLICATE_METHOD_MATCH = YES;
				COPY_PHASE_STRIP = NO;
				DEBUG_INFORMATION_FORMAT = dwarf;
				ENABLE_STRICT_OBJC_MSGSEND = YES;
				ENABLE_TESTABILITY = YES;
				ENABLE_USER_SCRIPT_SANDBOXING = YES;
				GCC_C_LANGUAGE_STANDARD = gnu17;
				GCC_DYNAMIC_NO_PIC = NO;
				GCC_NO_COMMON_BLOCKS = YES;
				GCC_OPTIMIZATION_LEVEL = 0;
				GCC_PREPROCESSOR_DEFINITIONS = (
					"DEBUG=1",
					"$(inherited)",
				);
				GCC_WARN_64_TO_32_BIT_CONVERSION = YES;
				GCC_WARN_ABOUT_RETURN_TYPE = YES_ERROR;
				GCC_WARN_UNDECLARED_SELECTOR = YES;
				GCC_WARN_UNINITIALIZED_AUTOS = YES_AGGRESSIVE;
				GCC_WARN_UNUSED_FUNCTION = YES;
				GCC_WARN_UNUSED_VARIABLE = YES;
				LOCALIZATION_PREFERS_STRING_CATALOGS = YES;
				MTL_ENABLE_DEBUG_INFO = INCLUDE_SOURCE;
				MTL_FAST_MATH = YES;
				ONLY_ACTIVE_ARCH = YES;
				SWIFT_ACTIVE_COMPILATION_CONDITIONS = "DEBUG $(inherited)";
				SWIFT_OPTIMIZATION_LEVEL = "-Onone";
			};
			name = Debug;
		};
		96FE1F852C2DE6AC006D0C8B /* Release */ = {
			isa = XCBuildConfiguration;
			buildSettings = {
				ALWAYS_SEARCH_USER_PATHS = NO;
				ASSETCATALOG_COMPILER_GENERATE_SWIFT_ASSET_SYMBOL_EXTENSIONS = YES;
				CLANG_ANALYZER_NONNULL = YES;
				CLANG_ANALYZER_NUMBER_OBJECT_CONVERSION = YES_AGGRESSIVE;
				CLANG_CXX_LANGUAGE_STANDARD = "gnu++20";
				CLANG_ENABLE_MODULES = YES;
				CLANG_ENABLE_OBJC_ARC = YES;
				CLANG_ENABLE_OBJC_WEAK = YES;
				CLANG_WARN_BLOCK_CAPTURE_AUTORELEASING = YES;
				CLANG_WARN_BOOL_CONVERSION = YES;
				CLANG_WARN_COMMA = YES;
				CLANG_WARN_CONSTANT_CONVERSION = YES;
				CLANG_WARN_DEPRECATED_OBJC_IMPLEMENTATIONS = YES;
				CLANG_WARN_DIRECT_OBJC_ISA_USAGE = YES_ERROR;
				CLANG_WARN_DOCUMENTATION_COMMENTS = YES;
				CLANG_WARN_EMPTY_BODY = YES;
				CLANG_WARN_ENUM_CONVERSION = YES;
				CLANG_WARN_INFINITE_RECURSION = YES;
				CLANG_WARN_INT_CONVERSION = YES;
				CLANG_WARN_NON_LITERAL_NULL_CONVERSION = YES;
				CLANG_WARN_OBJC_IMPLICIT_RETAIN_SELF = YES;
				CLANG_WARN_OBJC_LITERAL_CONVERSION = YES;
				CLANG_WARN_OBJC_ROOT_CLASS = YES_ERROR;
				CLANG_WARN_QUOTED_INCLUDE_IN_FRAMEWORK_HEADER = YES;
				CLANG_WARN_RANGE_LOOP_ANALYSIS = YES;
				CLANG_WARN_STRICT_PROTOTYPES = YES;
				CLANG_WARN_SUSPICIOUS_MOVE = YES;
				CLANG_WARN_UNGUARDED_AVAILABILITY = YES_AGGRESSIVE;
				CLANG_WARN_UNREACHABLE_CODE = YES;
				CLANG_WARN__DUPLICATE_METHOD_MATCH = YES;
				COPY_PHASE_STRIP = NO;
				DEBUG_INFORMATION_FORMAT = "dwarf-with-dsym";
				ENABLE_NS_ASSERTIONS = NO;
				ENABLE_STRICT_OBJC_MSGSEND = YES;
				ENABLE_USER_SCRIPT_SANDBOXING = YES;
				GCC_C_LANGUAGE_STANDARD = gnu17;
				GCC_NO_COMMON_BLOCKS = YES;
				GCC_WARN_64_TO_32_BIT_CONVERSION = YES;
				GCC_WARN_ABOUT_RETURN_TYPE = YES_ERROR;
				GCC_WARN_UNDECLARED_SELECTOR = YES;
				GCC_WARN_UNINITIALIZED_AUTOS = YES_AGGRESSIVE;
				GCC_WARN_UNUSED_FUNCTION = YES;
				GCC_WARN_UNUSED_VARIABLE = YES;
				LOCALIZATION_PREFERS_STRING_CATALOGS = YES;
				MTL_ENABLE_DEBUG_INFO = NO;
				MTL_FAST_MATH = YES;
				SWIFT_COMPILATION_MODE = wholemodule;
			};
			name = Release;
		};
		96FE1F872C2DE6AC006D0C8B /* Debug */ = {
			isa = XCBuildConfiguration;
			buildSettings = {
				ALWAYS_EMBED_SWIFT_STANDARD_LIBRARIES = YES;
				ASSETCATALOG_COMPILER_APPICON_NAME = AppIcon;
				ASSETCATALOG_COMPILER_GLOBAL_ACCENT_COLOR_NAME = AccentColor;
				CODE_SIGN_ENTITLEMENTS = Bitkit/Bitkit.entitlements;
				CODE_SIGN_STYLE = Automatic;
				CURRENT_PROJECT_VERSION = 1;
				DEVELOPMENT_ASSET_PATHS = "\"Bitkit/Preview Content\"";
				DEVELOPMENT_TEAM = KYH47R284B;
				ENABLE_HARDENED_RUNTIME = YES;
				ENABLE_PREVIEWS = YES;
				GENERATE_INFOPLIST_FILE = YES;
				INFOPLIST_KEY_CFBundleDisplayName = "Bitkit (Native)";
				INFOPLIST_KEY_LSApplicationCategoryType = "public.app-category.utilities";
				"INFOPLIST_KEY_UIApplicationSceneManifest_Generation[sdk=iphoneos*]" = YES;
				"INFOPLIST_KEY_UIApplicationSceneManifest_Generation[sdk=iphonesimulator*]" = YES;
				"INFOPLIST_KEY_UIApplicationSupportsIndirectInputEvents[sdk=iphoneos*]" = YES;
				"INFOPLIST_KEY_UIApplicationSupportsIndirectInputEvents[sdk=iphonesimulator*]" = YES;
				"INFOPLIST_KEY_UILaunchScreen_Generation[sdk=iphoneos*]" = YES;
				"INFOPLIST_KEY_UILaunchScreen_Generation[sdk=iphonesimulator*]" = YES;
				"INFOPLIST_KEY_UIStatusBarStyle[sdk=iphoneos*]" = UIStatusBarStyleDefault;
				"INFOPLIST_KEY_UIStatusBarStyle[sdk=iphonesimulator*]" = UIStatusBarStyleDefault;
				INFOPLIST_KEY_UISupportedInterfaceOrientations = UIInterfaceOrientationPortrait;
				INFOPLIST_KEY_UISupportedInterfaceOrientations_iPad = "UIInterfaceOrientationLandscapeLeft UIInterfaceOrientationLandscapeRight UIInterfaceOrientationPortrait UIInterfaceOrientationPortraitUpsideDown";
				IPHONEOS_DEPLOYMENT_TARGET = 15.0;
				LD_RUNPATH_SEARCH_PATHS = "@executable_path/Frameworks";
				"LD_RUNPATH_SEARCH_PATHS[sdk=macosx*]" = "@executable_path/../Frameworks";
				MACOSX_DEPLOYMENT_TARGET = 14.0;
				MARKETING_VERSION = 1.0;
				PRODUCT_BUNDLE_IDENTIFIER = to.Bitkit.native;
				PRODUCT_NAME = "$(TARGET_NAME)";
				SDKROOT = auto;
				SUPPORTED_PLATFORMS = "iphoneos iphonesimulator macosx";
				SWIFT_EMIT_LOC_STRINGS = YES;
				SWIFT_VERSION = 5.0;
				TARGETED_DEVICE_FAMILY = "1,2";
			};
			name = Debug;
		};
		96FE1F882C2DE6AC006D0C8B /* Release */ = {
			isa = XCBuildConfiguration;
			buildSettings = {
				ALWAYS_EMBED_SWIFT_STANDARD_LIBRARIES = YES;
				ASSETCATALOG_COMPILER_APPICON_NAME = AppIcon;
				ASSETCATALOG_COMPILER_GLOBAL_ACCENT_COLOR_NAME = AccentColor;
				CODE_SIGN_ENTITLEMENTS = Bitkit/Bitkit.entitlements;
				CODE_SIGN_STYLE = Automatic;
				CURRENT_PROJECT_VERSION = 1;
				DEVELOPMENT_ASSET_PATHS = "\"Bitkit/Preview Content\"";
				DEVELOPMENT_TEAM = KYH47R284B;
				ENABLE_HARDENED_RUNTIME = YES;
				ENABLE_PREVIEWS = YES;
				GENERATE_INFOPLIST_FILE = YES;
				INFOPLIST_KEY_CFBundleDisplayName = "Bitkit (Native)";
				INFOPLIST_KEY_LSApplicationCategoryType = "public.app-category.utilities";
				"INFOPLIST_KEY_UIApplicationSceneManifest_Generation[sdk=iphoneos*]" = YES;
				"INFOPLIST_KEY_UIApplicationSceneManifest_Generation[sdk=iphonesimulator*]" = YES;
				"INFOPLIST_KEY_UIApplicationSupportsIndirectInputEvents[sdk=iphoneos*]" = YES;
				"INFOPLIST_KEY_UIApplicationSupportsIndirectInputEvents[sdk=iphonesimulator*]" = YES;
				"INFOPLIST_KEY_UILaunchScreen_Generation[sdk=iphoneos*]" = YES;
				"INFOPLIST_KEY_UILaunchScreen_Generation[sdk=iphonesimulator*]" = YES;
				"INFOPLIST_KEY_UIStatusBarStyle[sdk=iphoneos*]" = UIStatusBarStyleDefault;
				"INFOPLIST_KEY_UIStatusBarStyle[sdk=iphonesimulator*]" = UIStatusBarStyleDefault;
				INFOPLIST_KEY_UISupportedInterfaceOrientations = UIInterfaceOrientationPortrait;
				INFOPLIST_KEY_UISupportedInterfaceOrientations_iPad = "UIInterfaceOrientationLandscapeLeft UIInterfaceOrientationLandscapeRight UIInterfaceOrientationPortrait UIInterfaceOrientationPortraitUpsideDown";
				IPHONEOS_DEPLOYMENT_TARGET = 15.0;
				LD_RUNPATH_SEARCH_PATHS = "@executable_path/Frameworks";
				"LD_RUNPATH_SEARCH_PATHS[sdk=macosx*]" = "@executable_path/../Frameworks";
				MACOSX_DEPLOYMENT_TARGET = 14.0;
				MARKETING_VERSION = 1.0;
				PRODUCT_BUNDLE_IDENTIFIER = to.Bitkit.native;
				PRODUCT_NAME = "$(TARGET_NAME)";
				SDKROOT = auto;
				SUPPORTED_PLATFORMS = "iphoneos iphonesimulator macosx";
				SWIFT_EMIT_LOC_STRINGS = YES;
				SWIFT_VERSION = 5.0;
				TARGETED_DEVICE_FAMILY = "1,2";
			};
			name = Release;
		};
		96FE1F8A2C2DE6AC006D0C8B /* Debug */ = {
			isa = XCBuildConfiguration;
			buildSettings = {
				ALWAYS_EMBED_SWIFT_STANDARD_LIBRARIES = YES;
				BUNDLE_LOADER = "$(TEST_HOST)";
				CODE_SIGN_STYLE = Automatic;
				CURRENT_PROJECT_VERSION = 1;
				DEVELOPMENT_TEAM = KYH47R284B;
				GENERATE_INFOPLIST_FILE = YES;
				IPHONEOS_DEPLOYMENT_TARGET = 17.5;
				MACOSX_DEPLOYMENT_TARGET = 14.4;
				MARKETING_VERSION = 1.0;
				PRODUCT_BUNDLE_IDENTIFIER = to.BitkitTests;
				PRODUCT_NAME = "$(TARGET_NAME)";
				SDKROOT = auto;
				SUPPORTED_PLATFORMS = "iphoneos iphonesimulator macosx";
				SWIFT_EMIT_LOC_STRINGS = NO;
				SWIFT_VERSION = 5.0;
				TARGETED_DEVICE_FAMILY = "1,2";
				TEST_HOST = "$(BUILT_PRODUCTS_DIR)/Bitkit.app/$(BUNDLE_EXECUTABLE_FOLDER_PATH)/Bitkit";
			};
			name = Debug;
		};
		96FE1F8B2C2DE6AC006D0C8B /* Release */ = {
			isa = XCBuildConfiguration;
			buildSettings = {
				ALWAYS_EMBED_SWIFT_STANDARD_LIBRARIES = YES;
				BUNDLE_LOADER = "$(TEST_HOST)";
				CODE_SIGN_STYLE = Automatic;
				CURRENT_PROJECT_VERSION = 1;
				DEVELOPMENT_TEAM = KYH47R284B;
				GENERATE_INFOPLIST_FILE = YES;
				IPHONEOS_DEPLOYMENT_TARGET = 17.5;
				MACOSX_DEPLOYMENT_TARGET = 14.4;
				MARKETING_VERSION = 1.0;
				PRODUCT_BUNDLE_IDENTIFIER = to.BitkitTests;
				PRODUCT_NAME = "$(TARGET_NAME)";
				SDKROOT = auto;
				SUPPORTED_PLATFORMS = "iphoneos iphonesimulator macosx";
				SWIFT_EMIT_LOC_STRINGS = NO;
				SWIFT_VERSION = 5.0;
				TARGETED_DEVICE_FAMILY = "1,2";
				TEST_HOST = "$(BUILT_PRODUCTS_DIR)/Bitkit.app/$(BUNDLE_EXECUTABLE_FOLDER_PATH)/Bitkit";
			};
			name = Release;
		};
		96FE1F8D2C2DE6AC006D0C8B /* Debug */ = {
			isa = XCBuildConfiguration;
			buildSettings = {
				ALWAYS_EMBED_SWIFT_STANDARD_LIBRARIES = YES;
				CODE_SIGN_STYLE = Automatic;
				CURRENT_PROJECT_VERSION = 1;
				DEVELOPMENT_TEAM = KYH47R284B;
				GENERATE_INFOPLIST_FILE = YES;
				IPHONEOS_DEPLOYMENT_TARGET = 17.5;
				MACOSX_DEPLOYMENT_TARGET = 14.4;
				MARKETING_VERSION = 1.0;
				PRODUCT_BUNDLE_IDENTIFIER = to.BitkitUITests;
				PRODUCT_NAME = "$(TARGET_NAME)";
				SDKROOT = auto;
				SUPPORTED_PLATFORMS = "iphoneos iphonesimulator macosx";
				SWIFT_EMIT_LOC_STRINGS = NO;
				SWIFT_VERSION = 5.0;
				TARGETED_DEVICE_FAMILY = "1,2";
				TEST_TARGET_NAME = Bitkit;
			};
			name = Debug;
		};
		96FE1F8E2C2DE6AC006D0C8B /* Release */ = {
			isa = XCBuildConfiguration;
			buildSettings = {
				ALWAYS_EMBED_SWIFT_STANDARD_LIBRARIES = YES;
				CODE_SIGN_STYLE = Automatic;
				CURRENT_PROJECT_VERSION = 1;
				DEVELOPMENT_TEAM = KYH47R284B;
				GENERATE_INFOPLIST_FILE = YES;
				IPHONEOS_DEPLOYMENT_TARGET = 17.5;
				MACOSX_DEPLOYMENT_TARGET = 14.4;
				MARKETING_VERSION = 1.0;
				PRODUCT_BUNDLE_IDENTIFIER = to.BitkitUITests;
				PRODUCT_NAME = "$(TARGET_NAME)";
				SDKROOT = auto;
				SUPPORTED_PLATFORMS = "iphoneos iphonesimulator macosx";
				SWIFT_EMIT_LOC_STRINGS = NO;
				SWIFT_VERSION = 5.0;
				TARGETED_DEVICE_FAMILY = "1,2";
				TEST_TARGET_NAME = Bitkit;
			};
			name = Release;
		};
/* End XCBuildConfiguration section */

/* Begin XCConfigurationList section */
		961058E42C355B5500E1F1D8 /* Build configuration list for PBXNativeTarget "BitkitNotification" */ = {
			isa = XCConfigurationList;
			buildConfigurations = (
				961058E52C355B5500E1F1D8 /* Debug */,
				961058E62C355B5500E1F1D8 /* Release */,
			);
			defaultConfigurationIsVisible = 0;
			defaultConfigurationName = Release;
		};
		96FE1F5C2C2DE6AA006D0C8B /* Build configuration list for PBXProject "Bitkit" */ = {
			isa = XCConfigurationList;
			buildConfigurations = (
				96FE1F842C2DE6AC006D0C8B /* Debug */,
				96FE1F852C2DE6AC006D0C8B /* Release */,
			);
			defaultConfigurationIsVisible = 0;
			defaultConfigurationName = Release;
		};
		96FE1F862C2DE6AC006D0C8B /* Build configuration list for PBXNativeTarget "Bitkit" */ = {
			isa = XCConfigurationList;
			buildConfigurations = (
				96FE1F872C2DE6AC006D0C8B /* Debug */,
				96FE1F882C2DE6AC006D0C8B /* Release */,
			);
			defaultConfigurationIsVisible = 0;
			defaultConfigurationName = Release;
		};
		96FE1F892C2DE6AC006D0C8B /* Build configuration list for PBXNativeTarget "BitkitTests" */ = {
			isa = XCConfigurationList;
			buildConfigurations = (
				96FE1F8A2C2DE6AC006D0C8B /* Debug */,
				96FE1F8B2C2DE6AC006D0C8B /* Release */,
			);
			defaultConfigurationIsVisible = 0;
			defaultConfigurationName = Release;
		};
		96FE1F8C2C2DE6AC006D0C8B /* Build configuration list for PBXNativeTarget "BitkitUITests" */ = {
			isa = XCConfigurationList;
			buildConfigurations = (
				96FE1F8D2C2DE6AC006D0C8B /* Debug */,
				96FE1F8E2C2DE6AC006D0C8B /* Release */,
			);
			defaultConfigurationIsVisible = 0;
			defaultConfigurationName = Release;
		};
/* End XCConfigurationList section */

/* Begin XCRemoteSwiftPackageReference section */
		961301892C50215500878183 /* XCRemoteSwiftPackageReference "SQLite.swift" */ = {
			isa = XCRemoteSwiftPackageReference;
			repositoryURL = "https://github.com/stephencelis/SQLite.swift.git";
			requirement = {
				kind = upToNextMajorVersion;
				minimumVersion = 0.15.3;
			};
		};
		9637E6D62C32D8A7004A92FC /* XCRemoteSwiftPackageReference "bdk-swift" */ = {
			isa = XCRemoteSwiftPackageReference;
			repositoryURL = "https://github.com/bitcoindevkit/bdk-swift";
			requirement = {
				kind = upToNextMajorVersion;
				minimumVersion = 0.31.1;
			};
		};
		966DE66E2C51210000A7B0EF /* XCRemoteSwiftPackageReference "ldk-swift" */ = {
			isa = XCRemoteSwiftPackageReference;
			repositoryURL = "https://github.com/lightningdevkit/ldk-swift/";
			requirement = {
				kind = upToNextMajorVersion;
				minimumVersion = 0.0.123;
			};
		};
		96B129FB2C2EC05D00DD07B0 /* XCRemoteSwiftPackageReference "ldk-node" */ = {
			isa = XCRemoteSwiftPackageReference;
			repositoryURL = "https://github.com/lightningdevkit/ldk-node";
			requirement = {
				branch = main;
				kind = branch;
			};
		};
/* End XCRemoteSwiftPackageReference section */

/* Begin XCSwiftPackageProductDependency section */
		961058ED2C35798C00E1F1D8 /* LDKNode */ = {
			isa = XCSwiftPackageProductDependency;
			package = 96B129FB2C2EC05D00DD07B0 /* XCRemoteSwiftPackageReference "ldk-node" */;
			productName = LDKNode;
		};
		961058EF2C35799400E1F1D8 /* BitcoinDevKit */ = {
			isa = XCSwiftPackageProductDependency;
			package = 9637E6D62C32D8A7004A92FC /* XCRemoteSwiftPackageReference "bdk-swift" */;
			productName = BitcoinDevKit;
		};
		9613018B2C5022D700878183 /* SQLite */ = {
			isa = XCSwiftPackageProductDependency;
			package = 961301892C50215500878183 /* XCRemoteSwiftPackageReference "SQLite.swift" */;
			productName = SQLite;
		};
		9637E6D72C32D8A7004A92FC /* BitcoinDevKit */ = {
			isa = XCSwiftPackageProductDependency;
			package = 9637E6D62C32D8A7004A92FC /* XCRemoteSwiftPackageReference "bdk-swift" */;
			productName = BitcoinDevKit;
		};
		966DE66F2C51210000A7B0EF /* LightningDevKit */ = {
			isa = XCSwiftPackageProductDependency;
			package = 966DE66E2C51210000A7B0EF /* XCRemoteSwiftPackageReference "ldk-swift" */;
			productName = LightningDevKit;
		};
		96B129FC2C2EC05D00DD07B0 /* LDKNode */ = {
			isa = XCSwiftPackageProductDependency;
			package = 96B129FB2C2EC05D00DD07B0 /* XCRemoteSwiftPackageReference "ldk-node" */;
			productName = LDKNode;
		};
/* End XCSwiftPackageProductDependency section */
	};
	rootObject = 96FE1F592C2DE6AA006D0C8B /* Project object */;
}
