{
  "originHash" : "746cacd44d171f1c992b592ea1224d0562117bffd2907a54dee9d441395ac6b4",
  "pins" : [
    {
      "identity" : "bitkit-core",
      "kind" : "remoteSourceControl",
      "location" : "https://github.com/synonymdev/bitkit-core",
      "state" : {
        "revision" : "4c859d3f2c0022fda25baa62a029e2c03d1892a7",
        "version" : "0.5.3"
      }
    },
    {
      "identity" : "codescanner",
      "kind" : "remoteSourceControl",
      "location" : "https://github.com/twostraws/CodeScanner",
      "state" : {
        "revision" : "5e886430238944c7200fc9e10dbf2d9550dba865",
        "version" : "2.5.2"
      }
    },
    {
      "identity" : "ldk-node",
      "kind" : "remoteSourceControl",
      "location" : "https://github.com/synonymdev/ldk-node",
      "state" : {
        "revision" : "e676d20cd2ba6277f68619dc32261f541aa3bdfe",
        "version" : "0.7.0-rc.57"
      }
    },
    {
      "identity" : "lottie-ios",
      "kind" : "remoteSourceControl",
      "location" : "https://github.com/airbnb/lottie-ios",
      "state" : {
        "revision" : "f4db77d7feacba0c2360b84a40c38a6ce8ff399d",
        "version" : "4.6.1"
      }
    },
    {
      "identity" : "paykit-rs",
      "kind" : "remoteSourceControl",
      "location" : "https://github.com/pubky/paykit-rs",
      "state" : {
        "revision" : "2fa056570bd5f93c166e43cf16c5356f6407cbbd",
        "version" : "0.1.0-rc39"
      }
    },
    {
      "identity" : "swift-secp256k1",
      "kind" : "remoteSourceControl",
      "location" : "https://github.com/21-DOT-DEV/swift-secp256k1",
      "state" : {
        "revision" : "e70a10e036a55fffea31568f0af92d69b6d449cd",
        "version" : "0.23.2"
      }
    },
    {
      "identity" : "vss-rust-client-ffi",
      "kind" : "remoteSourceControl",
      "location" : "https://github.com/synonymdev/vss-rust-client-ffi",
      "state" : {
        "revision" : "97c07caf96dce993728b299380aebbaa85f59ac1",
        "version" : "0.5.21"
      }
    }
  ],
  "version" : 3
}
