{
  "originHash" : "17302aed9b1f94b6f928fd7e06b45ebec95883553cab0849836d3e292cab01d7",
  "pins" : [
    {
      "identity" : "bitkit-core",
      "kind" : "remoteSourceControl",
      "location" : "https://github.com/synonymdev/bitkit-core",
      "state" : {
        "branch" : "master",
        "revision" : "76a63a2654f717accde5268905897b73e4f7d3c4"
      }
    },
    {
      "identity" : "codescanner",
      "kind" : "remoteSourceControl",
      "location" : "https://github.com/twostraws/CodeScanner",
      "state" : {
        "revision" : "9fa582f4b36c69c2a55bff5fb3377eb170ae273c",
        "version" : "2.5.1"
      }
    },
    {
      "identity" : "ldk-node",
      "kind" : "remoteSourceControl",
      "location" : "https://github.com/synonymdev/ldk-node",
      "state" : {
        "branch" : "main",
        "revision" : "8509f4b4846b12e64f7d8e4107637ea85ac159ef"
      }
    },
    {
      "identity" : "lottie-ios",
      "kind" : "remoteSourceControl",
      "location" : "https://github.com/airbnb/lottie-ios",
      "state" : {
        "revision" : "a004050748dc197c56256a14dca49a035d74726c",
        "version" : "4.5.2"
      }
    },
    {
      "identity" : "swift-secp256k1",
      "kind" : "remoteSourceControl",
      "location" : "https://github.com/21-DOT-DEV/swift-secp256k1",
      "state" : {
        "revision" : "9683e8e311c76d8114cd308b697dad2f9fc58fed",
        "version" : "0.17.0"
      }
    },
    {
      "identity" : "vss-rust-client-ffi",
      "kind" : "remoteSourceControl",
      "location" : "https://github.com/synonymdev/vss-rust-client-ffi",
      "state" : {
        "branch" : "master",
        "revision" : "3d80852e6439c0b2034765e513e4620bb10b3f14"
      }
    },
    {
      "identity" : "zip",
      "kind" : "remoteSourceControl",
      "location" : "https://github.com/marmelroy/Zip.git",
      "state" : {
        "revision" : "67fa55813b9e7b3b9acee9c0ae501def28746d76",
        "version" : "2.1.2"
      }
    }
  ],
  "version" : 3
}
